// !$*UTF8*$!
{
	archiveVersion = 1;
	classes = {
	};
	objectVersion = 50;
	objects = {

/* Begin PBXBuildFile section */
		3FF8FDF402B1404270A672C4 /* Pods_SampleMovieList_SampleMovieListUITests.framework in Frameworks */ = {isa = PBXBuildFile; fileRef = E3D63FFAA70AE5269E3B18B8 /* Pods_SampleMovieList_SampleMovieListUITests.framework */; };
		B0AAF79491FDB719D8716B13 /* Pods_SampleMovieListTests.framework in Frameworks */ = {isa = PBXBuildFile; fileRef = 5820C4F4F5BF9DA1AB7BD286 /* Pods_SampleMovieListTests.framework */; };
		E0A2FF44234C2F6000425C79 /* AppDelegate.swift in Sources */ = {isa = PBXBuildFile; fileRef = E0A2FF43234C2F6000425C79 /* AppDelegate.swift */; };
		E0A2FF49234C2F6000425C79 /* Main.storyboard in Resources */ = {isa = PBXBuildFile; fileRef = E0A2FF47234C2F6000425C79 /* Main.storyboard */; };
		E0A2FF4C234C2F6000425C79 /* SampleMovieList.xcdatamodeld in Sources */ = {isa = PBXBuildFile; fileRef = E0A2FF4A234C2F6000425C79 /* SampleMovieList.xcdatamodeld */; };
		E0A2FF4E234C2F6100425C79 /* Assets.xcassets in Resources */ = {isa = PBXBuildFile; fileRef = E0A2FF4D234C2F6100425C79 /* Assets.xcassets */; };
		E0A2FF51234C2F6100425C79 /* LaunchScreen.storyboard in Resources */ = {isa = PBXBuildFile; fileRef = E0A2FF4F234C2F6100425C79 /* LaunchScreen.storyboard */; };
		E0A2FF5C234C2F6100425C79 /* SampleMovieListTests.swift in Sources */ = {isa = PBXBuildFile; fileRef = E0A2FF5B234C2F6100425C79 /* SampleMovieListTests.swift */; };
		E0A2FF67234C2F6100425C79 /* SampleMovieListUITests.swift in Sources */ = {isa = PBXBuildFile; fileRef = E0A2FF66234C2F6100425C79 /* SampleMovieListUITests.swift */; };
		E0A2FFA1234C338900425C79 /* MovieListLandingViewController.swift in Sources */ = {isa = PBXBuildFile; fileRef = E0A2FFA0234C338900425C79 /* MovieListLandingViewController.swift */; };
		E0A2FFA5234C35A000425C79 /* BaseReuseableView.swift in Sources */ = {isa = PBXBuildFile; fileRef = E0A2FFA2234C35A000425C79 /* BaseReuseableView.swift */; };
		E0A2FFA6234C35A000425C79 /* BaseCell.swift in Sources */ = {isa = PBXBuildFile; fileRef = E0A2FFA3234C35A000425C79 /* BaseCell.swift */; };
		E0A2FFA7234C35A000425C79 /* BaseView.swift in Sources */ = {isa = PBXBuildFile; fileRef = E0A2FFA4234C35A000425C79 /* BaseView.swift */; };
		E0A2FFAB234C36A700425C79 /* ComponentMovieListCell.swift in Sources */ = {isa = PBXBuildFile; fileRef = E0A2FFA9234C36A700425C79 /* ComponentMovieListCell.swift */; };
		E0A2FFAC234C36A700425C79 /* ComponentMovieListCell.xib in Resources */ = {isa = PBXBuildFile; fileRef = E0A2FFAA234C36A700425C79 /* ComponentMovieListCell.xib */; };
		E45B3F7F20598B15A10A38B5 /* Pods_SampleMovieList.framework in Frameworks */ = {isa = PBXBuildFile; fileRef = 8D1EA2C2D38D254D45E61F8F /* Pods_SampleMovieList.framework */; };
/* End PBXBuildFile section */

/* Begin PBXContainerItemProxy section */
		E0A2FF58234C2F6100425C79 /* PBXContainerItemProxy */ = {
			isa = PBXContainerItemProxy;
			containerPortal = E0A2FF38234C2F6000425C79 /* Project object */;
			proxyType = 1;
			remoteGlobalIDString = E0A2FF3F234C2F6000425C79;
			remoteInfo = SampleMovieList;
		};
		E0A2FF63234C2F6100425C79 /* PBXContainerItemProxy */ = {
			isa = PBXContainerItemProxy;
			containerPortal = E0A2FF38234C2F6000425C79 /* Project object */;
			proxyType = 1;
			remoteGlobalIDString = E0A2FF3F234C2F6000425C79;
			remoteInfo = SampleMovieList;
		};
/* End PBXContainerItemProxy section */

/* Begin PBXFileReference section */
		070780C6C61653F1613B4399 /* Pods-SampleMovieListTests.debug.xcconfig */ = {isa = PBXFileReference; includeInIndex = 1; lastKnownFileType = text.xcconfig; name = "Pods-SampleMovieListTests.debug.xcconfig"; path = "Target Support Files/Pods-SampleMovieListTests/Pods-SampleMovieListTests.debug.xcconfig"; sourceTree = "<group>"; };
		10A2EFCAA2F68B693309DE29 /* Pods-SampleMovieList.release.xcconfig */ = {isa = PBXFileReference; includeInIndex = 1; lastKnownFileType = text.xcconfig; name = "Pods-SampleMovieList.release.xcconfig"; path = "Target Support Files/Pods-SampleMovieList/Pods-SampleMovieList.release.xcconfig"; sourceTree = "<group>"; };
		205E744A08CD2A51448B06AE /* Pods-SampleMovieList-SampleMovieListUITests.debug.xcconfig */ = {isa = PBXFileReference; includeInIndex = 1; lastKnownFileType = text.xcconfig; name = "Pods-SampleMovieList-SampleMovieListUITests.debug.xcconfig"; path = "Target Support Files/Pods-SampleMovieList-SampleMovieListUITests/Pods-SampleMovieList-SampleMovieListUITests.debug.xcconfig"; sourceTree = "<group>"; };
		5480E52EC74C2E622407C4FD /* Pods-SampleMovieList-SampleMovieListUITests.release.xcconfig */ = {isa = PBXFileReference; includeInIndex = 1; lastKnownFileType = text.xcconfig; name = "Pods-SampleMovieList-SampleMovieListUITests.release.xcconfig"; path = "Target Support Files/Pods-SampleMovieList-SampleMovieListUITests/Pods-SampleMovieList-SampleMovieListUITests.release.xcconfig"; sourceTree = "<group>"; };
		5820C4F4F5BF9DA1AB7BD286 /* Pods_SampleMovieListTests.framework */ = {isa = PBXFileReference; explicitFileType = wrapper.framework; includeInIndex = 0; path = Pods_SampleMovieListTests.framework; sourceTree = BUILT_PRODUCTS_DIR; };
		8D1EA2C2D38D254D45E61F8F /* Pods_SampleMovieList.framework */ = {isa = PBXFileReference; explicitFileType = wrapper.framework; includeInIndex = 0; path = Pods_SampleMovieList.framework; sourceTree = BUILT_PRODUCTS_DIR; };
		B2E847B5B7E0C55DC0C37FAA /* Pods-SampleMovieList.debug.xcconfig */ = {isa = PBXFileReference; includeInIndex = 1; lastKnownFileType = text.xcconfig; name = "Pods-SampleMovieList.debug.xcconfig"; path = "Target Support Files/Pods-SampleMovieList/Pods-SampleMovieList.debug.xcconfig"; sourceTree = "<group>"; };
		C11940129F150FC8B52FE7C6 /* Pods-SampleMovieListTests.release.xcconfig */ = {isa = PBXFileReference; includeInIndex = 1; lastKnownFileType = text.xcconfig; name = "Pods-SampleMovieListTests.release.xcconfig"; path = "Target Support Files/Pods-SampleMovieListTests/Pods-SampleMovieListTests.release.xcconfig"; sourceTree = "<group>"; };
		E0A2FF40234C2F6000425C79 /* SampleMovieList.app */ = {isa = PBXFileReference; explicitFileType = wrapper.application; includeInIndex = 0; path = SampleMovieList.app; sourceTree = BUILT_PRODUCTS_DIR; };
		E0A2FF43234C2F6000425C79 /* AppDelegate.swift */ = {isa = PBXFileReference; lastKnownFileType = sourcecode.swift; path = AppDelegate.swift; sourceTree = "<group>"; };
		E0A2FF48234C2F6000425C79 /* Base */ = {isa = PBXFileReference; lastKnownFileType = file.storyboard; name = Base; path = Base.lproj/Main.storyboard; sourceTree = "<group>"; };
		E0A2FF4B234C2F6000425C79 /* SampleMovieList.xcdatamodel */ = {isa = PBXFileReference; lastKnownFileType = wrapper.xcdatamodel; path = SampleMovieList.xcdatamodel; sourceTree = "<group>"; };
		E0A2FF4D234C2F6100425C79 /* Assets.xcassets */ = {isa = PBXFileReference; lastKnownFileType = folder.assetcatalog; path = Assets.xcassets; sourceTree = "<group>"; };
		E0A2FF50234C2F6100425C79 /* Base */ = {isa = PBXFileReference; lastKnownFileType = file.storyboard; name = Base; path = Base.lproj/LaunchScreen.storyboard; sourceTree = "<group>"; };
		E0A2FF52234C2F6100425C79 /* Info.plist */ = {isa = PBXFileReference; lastKnownFileType = text.plist.xml; path = Info.plist; sourceTree = "<group>"; };
		E0A2FF57234C2F6100425C79 /* SampleMovieListTests.xctest */ = {isa = PBXFileReference; explicitFileType = wrapper.cfbundle; includeInIndex = 0; path = SampleMovieListTests.xctest; sourceTree = BUILT_PRODUCTS_DIR; };
		E0A2FF5B234C2F6100425C79 /* SampleMovieListTests.swift */ = {isa = PBXFileReference; lastKnownFileType = sourcecode.swift; path = SampleMovieListTests.swift; sourceTree = "<group>"; };
		E0A2FF5D234C2F6100425C79 /* Info.plist */ = {isa = PBXFileReference; lastKnownFileType = text.plist.xml; path = Info.plist; sourceTree = "<group>"; };
		E0A2FF62234C2F6100425C79 /* SampleMovieListUITests.xctest */ = {isa = PBXFileReference; explicitFileType = wrapper.cfbundle; includeInIndex = 0; path = SampleMovieListUITests.xctest; sourceTree = BUILT_PRODUCTS_DIR; };
		E0A2FF66234C2F6100425C79 /* SampleMovieListUITests.swift */ = {isa = PBXFileReference; lastKnownFileType = sourcecode.swift; path = SampleMovieListUITests.swift; sourceTree = "<group>"; };
		E0A2FF68234C2F6100425C79 /* Info.plist */ = {isa = PBXFileReference; lastKnownFileType = text.plist.xml; path = Info.plist; sourceTree = "<group>"; };
		E0A2FFA0234C338900425C79 /* MovieListLandingViewController.swift */ = {isa = PBXFileReference; fileEncoding = 4; lastKnownFileType = sourcecode.swift; path = MovieListLandingViewController.swift; sourceTree = "<group>"; };
		E0A2FFA2234C35A000425C79 /* BaseReuseableView.swift */ = {isa = PBXFileReference; fileEncoding = 4; lastKnownFileType = sourcecode.swift; path = BaseReuseableView.swift; sourceTree = "<group>"; };
		E0A2FFA3234C35A000425C79 /* BaseCell.swift */ = {isa = PBXFileReference; fileEncoding = 4; lastKnownFileType = sourcecode.swift; path = BaseCell.swift; sourceTree = "<group>"; };
		E0A2FFA4234C35A000425C79 /* BaseView.swift */ = {isa = PBXFileReference; fileEncoding = 4; lastKnownFileType = sourcecode.swift; path = BaseView.swift; sourceTree = "<group>"; };
		E0A2FFA9234C36A700425C79 /* ComponentMovieListCell.swift */ = {isa = PBXFileReference; lastKnownFileType = sourcecode.swift; path = ComponentMovieListCell.swift; sourceTree = "<group>"; };
		E0A2FFAA234C36A700425C79 /* ComponentMovieListCell.xib */ = {isa = PBXFileReference; lastKnownFileType = file.xib; path = ComponentMovieListCell.xib; sourceTree = "<group>"; };
		E3D63FFAA70AE5269E3B18B8 /* Pods_SampleMovieList_SampleMovieListUITests.framework */ = {isa = PBXFileReference; explicitFileType = wrapper.framework; includeInIndex = 0; path = Pods_SampleMovieList_SampleMovieListUITests.framework; sourceTree = BUILT_PRODUCTS_DIR; };
/* End PBXFileReference section */

/* Begin PBXFrameworksBuildPhase section */
		E0A2FF3D234C2F6000425C79 /* Frameworks */ = {
			isa = PBXFrameworksBuildPhase;
			buildActionMask = 2147483647;
			files = (
				E45B3F7F20598B15A10A38B5 /* Pods_SampleMovieList.framework in Frameworks */,
			);
			runOnlyForDeploymentPostprocessing = 0;
		};
		E0A2FF54234C2F6100425C79 /* Frameworks */ = {
			isa = PBXFrameworksBuildPhase;
			buildActionMask = 2147483647;
			files = (
				B0AAF79491FDB719D8716B13 /* Pods_SampleMovieListTests.framework in Frameworks */,
			);
			runOnlyForDeploymentPostprocessing = 0;
		};
		E0A2FF5F234C2F6100425C79 /* Frameworks */ = {
			isa = PBXFrameworksBuildPhase;
			buildActionMask = 2147483647;
			files = (
				3FF8FDF402B1404270A672C4 /* Pods_SampleMovieList_SampleMovieListUITests.framework in Frameworks */,
			);
			runOnlyForDeploymentPostprocessing = 0;
		};
/* End PBXFrameworksBuildPhase section */

/* Begin PBXGroup section */
		ADDB507F6CAA05B66A25E732 /* Frameworks */ = {
			isa = PBXGroup;
			children = (
				8D1EA2C2D38D254D45E61F8F /* Pods_SampleMovieList.framework */,
				E3D63FFAA70AE5269E3B18B8 /* Pods_SampleMovieList_SampleMovieListUITests.framework */,
				5820C4F4F5BF9DA1AB7BD286 /* Pods_SampleMovieListTests.framework */,
			);
			name = Frameworks;
			sourceTree = "<group>";
		};
		B1CD402E7849FD4AA41AE0D1 /* Pods */ = {
			isa = PBXGroup;
			children = (
				B2E847B5B7E0C55DC0C37FAA /* Pods-SampleMovieList.debug.xcconfig */,
				10A2EFCAA2F68B693309DE29 /* Pods-SampleMovieList.release.xcconfig */,
				205E744A08CD2A51448B06AE /* Pods-SampleMovieList-SampleMovieListUITests.debug.xcconfig */,
				5480E52EC74C2E622407C4FD /* Pods-SampleMovieList-SampleMovieListUITests.release.xcconfig */,
				070780C6C61653F1613B4399 /* Pods-SampleMovieListTests.debug.xcconfig */,
				C11940129F150FC8B52FE7C6 /* Pods-SampleMovieListTests.release.xcconfig */,
			);
			path = Pods;
			sourceTree = "<group>";
		};
		E0A2FF37234C2F6000425C79 = {
			isa = PBXGroup;
			children = (
				E0A2FF42234C2F6000425C79 /* SampleMovieList */,
				E0A2FF5A234C2F6100425C79 /* SampleMovieListTests */,
				E0A2FF65234C2F6100425C79 /* SampleMovieListUITests */,
				E0A2FF41234C2F6000425C79 /* Products */,
				B1CD402E7849FD4AA41AE0D1 /* Pods */,
				ADDB507F6CAA05B66A25E732 /* Frameworks */,
			);
			sourceTree = "<group>";
		};
		E0A2FF41234C2F6000425C79 /* Products */ = {
			isa = PBXGroup;
			children = (
				E0A2FF40234C2F6000425C79 /* SampleMovieList.app */,
				E0A2FF57234C2F6100425C79 /* SampleMovieListTests.xctest */,
				E0A2FF62234C2F6100425C79 /* SampleMovieListUITests.xctest */,
			);
			name = Products;
			sourceTree = "<group>";
		};
		E0A2FF42234C2F6000425C79 /* SampleMovieList */ = {
			isa = PBXGroup;
			children = (
				E0A2FFA8234C364100425C79 /* BaseComponent */,
				E0A2FF9D234C337A00425C79 /* ConstantMethod */,
				E0A2FF9F234C337A00425C79 /* DataModel */,
				E0A2FF9A234C337A00425C79 /* Extentions */,
				E0A2FF9E234C337A00425C79 /* NetworkLayer */,
				E0A2FF9B234C337A00425C79 /* UIComponents */,
				E0A2FF99234C337900425C79 /* ViewController */,
				E0A2FF9C234C337A00425C79 /* ViewModel */,
				E0A2FF43234C2F6000425C79 /* AppDelegate.swift */,
				E0A2FF47234C2F6000425C79 /* Main.storyboard */,
				E0A2FF4D234C2F6100425C79 /* Assets.xcassets */,
				E0A2FF4F234C2F6100425C79 /* LaunchScreen.storyboard */,
				E0A2FF52234C2F6100425C79 /* Info.plist */,
				E0A2FF4A234C2F6000425C79 /* SampleMovieList.xcdatamodeld */,
			);
			path = SampleMovieList;
			sourceTree = "<group>";
		};
		E0A2FF5A234C2F6100425C79 /* SampleMovieListTests */ = {
			isa = PBXGroup;
			children = (
				E0A2FF5B234C2F6100425C79 /* SampleMovieListTests.swift */,
				E0A2FF5D234C2F6100425C79 /* Info.plist */,
			);
			path = SampleMovieListTests;
			sourceTree = "<group>";
		};
		E0A2FF65234C2F6100425C79 /* SampleMovieListUITests */ = {
			isa = PBXGroup;
			children = (
				E0A2FF66234C2F6100425C79 /* SampleMovieListUITests.swift */,
				E0A2FF68234C2F6100425C79 /* Info.plist */,
			);
			path = SampleMovieListUITests;
			sourceTree = "<group>";
		};
		E0A2FF99234C337900425C79 /* ViewController */ = {
			isa = PBXGroup;
			children = (
				E0A2FFA0234C338900425C79 /* MovieListLandingViewController.swift */,
			);
			path = ViewController;
			sourceTree = "<group>";
		};
		E0A2FF9A234C337A00425C79 /* Extentions */ = {
			isa = PBXGroup;
			children = (
			);
			path = Extentions;
			sourceTree = "<group>";
		};
		E0A2FF9B234C337A00425C79 /* UIComponents */ = {
			isa = PBXGroup;
			children = (
				E0A2FFA9234C36A700425C79 /* ComponentMovieListCell.swift */,
				E0A2FFAA234C36A700425C79 /* ComponentMovieListCell.xib */,
			);
			path = UIComponents;
			sourceTree = "<group>";
		};
		E0A2FF9C234C337A00425C79 /* ViewModel */ = {
			isa = PBXGroup;
			children = (
			);
			path = ViewModel;
			sourceTree = "<group>";
		};
		E0A2FF9D234C337A00425C79 /* ConstantMethod */ = {
			isa = PBXGroup;
			children = (
			);
			path = ConstantMethod;
			sourceTree = "<group>";
		};
		E0A2FF9E234C337A00425C79 /* NetworkLayer */ = {
			isa = PBXGroup;
			children = (
			);
			path = NetworkLayer;
			sourceTree = "<group>";
		};
		E0A2FF9F234C337A00425C79 /* DataModel */ = {
			isa = PBXGroup;
			children = (
			);
			path = DataModel;
			sourceTree = "<group>";
		};
		E0A2FFA8234C364100425C79 /* BaseComponent */ = {
			isa = PBXGroup;
			children = (
				E0A2FFA3234C35A000425C79 /* BaseCell.swift */,
				E0A2FFA2234C35A000425C79 /* BaseReuseableView.swift */,
				E0A2FFA4234C35A000425C79 /* BaseView.swift */,
			);
			path = BaseComponent;
			sourceTree = "<group>";
		};
/* End PBXGroup section */

/* Begin PBXNativeTarget section */
		E0A2FF3F234C2F6000425C79 /* SampleMovieList */ = {
			isa = PBXNativeTarget;
			buildConfigurationList = E0A2FF6B234C2F6100425C79 /* Build configuration list for PBXNativeTarget "SampleMovieList" */;
			buildPhases = (
				5B2D61DCD64CFB0A7072934E /* [CP] Check Pods Manifest.lock */,
				E0A2FF3C234C2F6000425C79 /* Sources */,
				E0A2FF3D234C2F6000425C79 /* Frameworks */,
				E0A2FF3E234C2F6000425C79 /* Resources */,
				E0A2FFAD234C373400425C79 /* ShellScript */,
			);
			buildRules = (
			);
			dependencies = (
			);
			name = SampleMovieList;
			productName = SampleMovieList;
			productReference = E0A2FF40234C2F6000425C79 /* SampleMovieList.app */;
			productType = "com.apple.product-type.application";
		};
		E0A2FF56234C2F6100425C79 /* SampleMovieListTests */ = {
			isa = PBXNativeTarget;
			buildConfigurationList = E0A2FF6E234C2F6100425C79 /* Build configuration list for PBXNativeTarget "SampleMovieListTests" */;
			buildPhases = (
				5FE50BDE8D3F745BCB8D0EC5 /* [CP] Check Pods Manifest.lock */,
				E0A2FF53234C2F6100425C79 /* Sources */,
				E0A2FF54234C2F6100425C79 /* Frameworks */,
				E0A2FF55234C2F6100425C79 /* Resources */,
			);
			buildRules = (
			);
			dependencies = (
				E0A2FF59234C2F6100425C79 /* PBXTargetDependency */,
			);
			name = SampleMovieListTests;
			productName = SampleMovieListTests;
			productReference = E0A2FF57234C2F6100425C79 /* SampleMovieListTests.xctest */;
			productType = "com.apple.product-type.bundle.unit-test";
		};
		E0A2FF61234C2F6100425C79 /* SampleMovieListUITests */ = {
			isa = PBXNativeTarget;
			buildConfigurationList = E0A2FF71234C2F6100425C79 /* Build configuration list for PBXNativeTarget "SampleMovieListUITests" */;
			buildPhases = (
				06E775A3613641F02729E7E9 /* [CP] Check Pods Manifest.lock */,
				E0A2FF5E234C2F6100425C79 /* Sources */,
				E0A2FF5F234C2F6100425C79 /* Frameworks */,
				E0A2FF60234C2F6100425C79 /* Resources */,
			);
			buildRules = (
			);
			dependencies = (
				E0A2FF64234C2F6100425C79 /* PBXTargetDependency */,
			);
			name = SampleMovieListUITests;
			productName = SampleMovieListUITests;
			productReference = E0A2FF62234C2F6100425C79 /* SampleMovieListUITests.xctest */;
			productType = "com.apple.product-type.bundle.ui-testing";
		};
/* End PBXNativeTarget section */

/* Begin PBXProject section */
		E0A2FF38234C2F6000425C79 /* Project object */ = {
			isa = PBXProject;
			attributes = {
				LastSwiftUpdateCheck = 1030;
				LastUpgradeCheck = 1030;
				ORGANIZATIONNAME = Chandresh;
				TargetAttributes = {
					E0A2FF3F234C2F6000425C79 = {
						CreatedOnToolsVersion = 10.3;
					};
					E0A2FF56234C2F6100425C79 = {
						CreatedOnToolsVersion = 10.3;
						TestTargetID = E0A2FF3F234C2F6000425C79;
					};
					E0A2FF61234C2F6100425C79 = {
						CreatedOnToolsVersion = 10.3;
						TestTargetID = E0A2FF3F234C2F6000425C79;
					};
				};
			};
			buildConfigurationList = E0A2FF3B234C2F6000425C79 /* Build configuration list for PBXProject "SampleMovieList" */;
			compatibilityVersion = "Xcode 9.3";
			developmentRegion = en;
			hasScannedForEncodings = 0;
			knownRegions = (
				en,
				Base,
			);
			mainGroup = E0A2FF37234C2F6000425C79;
			productRefGroup = E0A2FF41234C2F6000425C79 /* Products */;
			projectDirPath = "";
			projectRoot = "";
			targets = (
				E0A2FF3F234C2F6000425C79 /* SampleMovieList */,
				E0A2FF56234C2F6100425C79 /* SampleMovieListTests */,
				E0A2FF61234C2F6100425C79 /* SampleMovieListUITests */,
			);
		};
/* End PBXProject section */

/* Begin PBXResourcesBuildPhase section */
		E0A2FF3E234C2F6000425C79 /* Resources */ = {
			isa = PBXResourcesBuildPhase;
			buildActionMask = 2147483647;
			files = (
				E0A2FF51234C2F6100425C79 /* LaunchScreen.storyboard in Resources */,
				E0A2FF4E234C2F6100425C79 /* Assets.xcassets in Resources */,
				E0A2FFAC234C36A700425C79 /* ComponentMovieListCell.xib in Resources */,
				E0A2FF49234C2F6000425C79 /* Main.storyboard in Resources */,
			);
			runOnlyForDeploymentPostprocessing = 0;
		};
		E0A2FF55234C2F6100425C79 /* Resources */ = {
			isa = PBXResourcesBuildPhase;
			buildActionMask = 2147483647;
			files = (
			);
			runOnlyForDeploymentPostprocessing = 0;
		};
		E0A2FF60234C2F6100425C79 /* Resources */ = {
			isa = PBXResourcesBuildPhase;
			buildActionMask = 2147483647;
			files = (
			);
			runOnlyForDeploymentPostprocessing = 0;
		};
/* End PBXResourcesBuildPhase section */

/* Begin PBXShellScriptBuildPhase section */
		06E775A3613641F02729E7E9 /* [CP] Check Pods Manifest.lock */ = {
			isa = PBXShellScriptBuildPhase;
			buildActionMask = 2147483647;
			files = (
			);
			inputFileListPaths = (
			);
			inputPaths = (
				"${PODS_PODFILE_DIR_PATH}/Podfile.lock",
				"${PODS_ROOT}/Manifest.lock",
			);
			name = "[CP] Check Pods Manifest.lock";
			outputFileListPaths = (
			);
			outputPaths = (
				"$(DERIVED_FILE_DIR)/Pods-SampleMovieList-SampleMovieListUITests-checkManifestLockResult.txt",
			);
			runOnlyForDeploymentPostprocessing = 0;
			shellPath = /bin/sh;
			shellScript = "diff \"${PODS_PODFILE_DIR_PATH}/Podfile.lock\" \"${PODS_ROOT}/Manifest.lock\" > /dev/null\nif [ $? != 0 ] ; then\n    # print error to STDERR\n    echo \"error: The sandbox is not in sync with the Podfile.lock. Run 'pod install' or update your CocoaPods installation.\" >&2\n    exit 1\nfi\n# This output is used by Xcode 'outputs' to avoid re-running this script phase.\necho \"SUCCESS\" > \"${SCRIPT_OUTPUT_FILE_0}\"\n";
			showEnvVarsInLog = 0;
		};
		5B2D61DCD64CFB0A7072934E /* [CP] Check Pods Manifest.lock */ = {
			isa = PBXShellScriptBuildPhase;
			buildActionMask = 2147483647;
			files = (
			);
			inputFileListPaths = (
			);
			inputPaths = (
				"${PODS_PODFILE_DIR_PATH}/Podfile.lock",
				"${PODS_ROOT}/Manifest.lock",
			);
			name = "[CP] Check Pods Manifest.lock";
			outputFileListPaths = (
			);
			outputPaths = (
				"$(DERIVED_FILE_DIR)/Pods-SampleMovieList-checkManifestLockResult.txt",
			);
			runOnlyForDeploymentPostprocessing = 0;
			shellPath = /bin/sh;
			shellScript = "diff \"${PODS_PODFILE_DIR_PATH}/Podfile.lock\" \"${PODS_ROOT}/Manifest.lock\" > /dev/null\nif [ $? != 0 ] ; then\n    # print error to STDERR\n    echo \"error: The sandbox is not in sync with the Podfile.lock. Run 'pod install' or update your CocoaPods installation.\" >&2\n    exit 1\nfi\n# This output is used by Xcode 'outputs' to avoid re-running this script phase.\necho \"SUCCESS\" > \"${SCRIPT_OUTPUT_FILE_0}\"\n";
			showEnvVarsInLog = 0;
		};
		5FE50BDE8D3F745BCB8D0EC5 /* [CP] Check Pods Manifest.lock */ = {
			isa = PBXShellScriptBuildPhase;
			buildActionMask = 2147483647;
			files = (
			);
			inputFileListPaths = (
			);
			inputPaths = (
				"${PODS_PODFILE_DIR_PATH}/Podfile.lock",
				"${PODS_ROOT}/Manifest.lock",
			);
			name = "[CP] Check Pods Manifest.lock";
			outputFileListPaths = (
			);
			outputPaths = (
				"$(DERIVED_FILE_DIR)/Pods-SampleMovieListTests-checkManifestLockResult.txt",
			);
			runOnlyForDeploymentPostprocessing = 0;
			shellPath = /bin/sh;
			shellScript = "diff \"${PODS_PODFILE_DIR_PATH}/Podfile.lock\" \"${PODS_ROOT}/Manifest.lock\" > /dev/null\nif [ $? != 0 ] ; then\n    # print error to STDERR\n    echo \"error: The sandbox is not in sync with the Podfile.lock. Run 'pod install' or update your CocoaPods installation.\" >&2\n    exit 1\nfi\n# This output is used by Xcode 'outputs' to avoid re-running this script phase.\necho \"SUCCESS\" > \"${SCRIPT_OUTPUT_FILE_0}\"\n";
			showEnvVarsInLog = 0;
		};
		E0A2FFAD234C373400425C79 /* ShellScript */ = {
			isa = PBXShellScriptBuildPhase;
			buildActionMask = 2147483647;
			files = (
			);
			inputFileListPaths = (
			);
			inputPaths = (
			);
			outputFileListPaths = (
			);
			outputPaths = (
			);
			runOnlyForDeploymentPostprocessing = 0;
			shellPath = /bin/sh;
			shellScript = "if which swiftlint >/dev/null; then\nswiftlint\nelse\necho \"Error: SwiftLint not installed, download from https://github.com/realm/SwiftLint\"\nexit 1\nfi\n";
		};
/* End PBXShellScriptBuildPhase section */

/* Begin PBXSourcesBuildPhase section */
		E0A2FF3C234C2F6000425C79 /* Sources */ = {
			isa = PBXSourcesBuildPhase;
			buildActionMask = 2147483647;
			files = (
				E0A2FFA5234C35A000425C79 /* BaseReuseableView.swift in Sources */,
				E0A2FF4C234C2F6000425C79 /* SampleMovieList.xcdatamodeld in Sources */,
				E0A2FF44234C2F6000425C79 /* AppDelegate.swift in Sources */,
				E0A2FFA7234C35A000425C79 /* BaseView.swift in Sources */,
				E0A2FFA6234C35A000425C79 /* BaseCell.swift in Sources */,
				E0A2FFAB234C36A700425C79 /* ComponentMovieListCell.swift in Sources */,
				E0A2FFA1234C338900425C79 /* MovieListLandingViewController.swift in Sources */,
			);
			runOnlyForDeploymentPostprocessing = 0;
		};
		E0A2FF53234C2F6100425C79 /* Sources */ = {
			isa = PBXSourcesBuildPhase;
			buildActionMask = 2147483647;
			files = (
				E0A2FF5C234C2F6100425C79 /* SampleMovieListTests.swift in Sources */,
			);
			runOnlyForDeploymentPostprocessing = 0;
		};
		E0A2FF5E234C2F6100425C79 /* Sources */ = {
			isa = PBXSourcesBuildPhase;
			buildActionMask = 2147483647;
			files = (
				E0A2FF67234C2F6100425C79 /* SampleMovieListUITests.swift in Sources */,
			);
			runOnlyForDeploymentPostprocessing = 0;
		};
/* End PBXSourcesBuildPhase section */

/* Begin PBXTargetDependency section */
		E0A2FF59234C2F6100425C79 /* PBXTargetDependency */ = {
			isa = PBXTargetDependency;
			target = E0A2FF3F234C2F6000425C79 /* SampleMovieList */;
			targetProxy = E0A2FF58234C2F6100425C79 /* PBXContainerItemProxy */;
		};
		E0A2FF64234C2F6100425C79 /* PBXTargetDependency */ = {
			isa = PBXTargetDependency;
			target = E0A2FF3F234C2F6000425C79 /* SampleMovieList */;
			targetProxy = E0A2FF63234C2F6100425C79 /* PBXContainerItemProxy */;
		};
/* End PBXTargetDependency section */

/* Begin PBXVariantGroup section */
		E0A2FF47234C2F6000425C79 /* Main.storyboard */ = {
			isa = PBXVariantGroup;
			children = (
				E0A2FF48234C2F6000425C79 /* Base */,
			);
			name = Main.storyboard;
			sourceTree = "<group>";
		};
		E0A2FF4F234C2F6100425C79 /* LaunchScreen.storyboard */ = {
			isa = PBXVariantGroup;
			children = (
				E0A2FF50234C2F6100425C79 /* Base */,
			);
			name = LaunchScreen.storyboard;
			sourceTree = "<group>";
		};
/* End PBXVariantGroup section */

/* Begin XCBuildConfiguration section */
		E0A2FF69234C2F6100425C79 /* Debug */ = {
			isa = XCBuildConfiguration;
			buildSettings = {
				ALWAYS_SEARCH_USER_PATHS = NO;
				CLANG_ANALYZER_NONNULL = YES;
				CLANG_ANALYZER_NUMBER_OBJECT_CONVERSION = YES_AGGRESSIVE;
				CLANG_CXX_LANGUAGE_STANDARD = "gnu++14";
				CLANG_CXX_LIBRARY = "libc++";
				CLANG_ENABLE_MODULES = YES;
				CLANG_ENABLE_OBJC_ARC = YES;
				CLANG_ENABLE_OBJC_WEAK = YES;
				CLANG_WARN_BLOCK_CAPTURE_AUTORELEASING = YES;
				CLANG_WARN_BOOL_CONVERSION = YES;
				CLANG_WARN_COMMA = YES;
				CLANG_WARN_CONSTANT_CONVERSION = YES;
				CLANG_WARN_DEPRECATED_OBJC_IMPLEMENTATIONS = YES;
				CLANG_WARN_DIRECT_OBJC_ISA_USAGE = YES_ERROR;
				CLANG_WARN_DOCUMENTATION_COMMENTS = YES;
				CLANG_WARN_EMPTY_BODY = YES;
				CLANG_WARN_ENUM_CONVERSION = YES;
				CLANG_WARN_INFINITE_RECURSION = YES;
				CLANG_WARN_INT_CONVERSION = YES;
				CLANG_WARN_NON_LITERAL_NULL_CONVERSION = YES;
				CLANG_WARN_OBJC_IMPLICIT_RETAIN_SELF = YES;
				CLANG_WARN_OBJC_LITERAL_CONVERSION = YES;
				CLANG_WARN_OBJC_ROOT_CLASS = YES_ERROR;
				CLANG_WARN_RANGE_LOOP_ANALYSIS = YES;
				CLANG_WARN_STRICT_PROTOTYPES = YES;
				CLANG_WARN_SUSPICIOUS_MOVE = YES;
				CLANG_WARN_UNGUARDED_AVAILABILITY = YES_AGGRESSIVE;
				CLANG_WARN_UNREACHABLE_CODE = YES;
				CLANG_WARN__DUPLICATE_METHOD_MATCH = YES;
				CODE_SIGN_IDENTITY = "iPhone Developer";
				COPY_PHASE_STRIP = NO;
				DEBUG_INFORMATION_FORMAT = dwarf;
				ENABLE_STRICT_OBJC_MSGSEND = YES;
				ENABLE_TESTABILITY = YES;
				GCC_C_LANGUAGE_STANDARD = gnu11;
				GCC_DYNAMIC_NO_PIC = NO;
				GCC_NO_COMMON_BLOCKS = YES;
				GCC_OPTIMIZATION_LEVEL = 0;
				GCC_PREPROCESSOR_DEFINITIONS = (
					"DEBUG=1",
					"$(inherited)",
				);
				GCC_WARN_64_TO_32_BIT_CONVERSION = YES;
				GCC_WARN_ABOUT_RETURN_TYPE = YES_ERROR;
				GCC_WARN_UNDECLARED_SELECTOR = YES;
				GCC_WARN_UNINITIALIZED_AUTOS = YES_AGGRESSIVE;
				GCC_WARN_UNUSED_FUNCTION = YES;
				GCC_WARN_UNUSED_VARIABLE = YES;
				IPHONEOS_DEPLOYMENT_TARGET = 12.4;
				MTL_ENABLE_DEBUG_INFO = INCLUDE_SOURCE;
				MTL_FAST_MATH = YES;
				ONLY_ACTIVE_ARCH = YES;
				SDKROOT = iphoneos;
				SWIFT_ACTIVE_COMPILATION_CONDITIONS = DEBUG;
				SWIFT_OPTIMIZATION_LEVEL = "-Onone";
			};
			name = Debug;
		};
		E0A2FF6A234C2F6100425C79 /* Release */ = {
			isa = XCBuildConfiguration;
			buildSettings = {
				ALWAYS_SEARCH_USER_PATHS = NO;
				CLANG_ANALYZER_NONNULL = YES;
				CLANG_ANALYZER_NUMBER_OBJECT_CONVERSION = YES_AGGRESSIVE;
				CLANG_CXX_LANGUAGE_STANDARD = "gnu++14";
				CLANG_CXX_LIBRARY = "libc++";
				CLANG_ENABLE_MODULES = YES;
				CLANG_ENABLE_OBJC_ARC = YES;
				CLANG_ENABLE_OBJC_WEAK = YES;
				CLANG_WARN_BLOCK_CAPTURE_AUTORELEASING = YES;
				CLANG_WARN_BOOL_CONVERSION = YES;
				CLANG_WARN_COMMA = YES;
				CLANG_WARN_CONSTANT_CONVERSION = YES;
				CLANG_WARN_DEPRECATED_OBJC_IMPLEMENTATIONS = YES;
				CLANG_WARN_DIRECT_OBJC_ISA_USAGE = YES_ERROR;
				CLANG_WARN_DOCUMENTATION_COMMENTS = YES;
				CLANG_WARN_EMPTY_BODY = YES;
				CLANG_WARN_ENUM_CONVERSION = YES;
				CLANG_WARN_INFINITE_RECURSION = YES;
				CLANG_WARN_INT_CONVERSION = YES;
				CLANG_WARN_NON_LITERAL_NULL_CONVERSION = YES;
				CLANG_WARN_OBJC_IMPLICIT_RETAIN_SELF = YES;
				CLANG_WARN_OBJC_LITERAL_CONVERSION = YES;
				CLANG_WARN_OBJC_ROOT_CLASS = YES_ERROR;
				CLANG_WARN_RANGE_LOOP_ANALYSIS = YES;
				CLANG_WARN_STRICT_PROTOTYPES = YES;
				CLANG_WARN_SUSPICIOUS_MOVE = YES;
				CLANG_WARN_UNGUARDED_AVAILABILITY = YES_AGGRESSIVE;
				CLANG_WARN_UNREACHABLE_CODE = YES;
				CLANG_WARN__DUPLICATE_METHOD_MATCH = YES;
				CODE_SIGN_IDENTITY = "iPhone Developer";
				COPY_PHASE_STRIP = NO;
				DEBUG_INFORMATION_FORMAT = "dwarf-with-dsym";
				ENABLE_NS_ASSERTIONS = NO;
				ENABLE_STRICT_OBJC_MSGSEND = YES;
				GCC_C_LANGUAGE_STANDARD = gnu11;
				GCC_NO_COMMON_BLOCKS = YES;
				GCC_WARN_64_TO_32_BIT_CONVERSION = YES;
				GCC_WARN_ABOUT_RETURN_TYPE = YES_ERROR;
				GCC_WARN_UNDECLARED_SELECTOR = YES;
				GCC_WARN_UNINITIALIZED_AUTOS = YES_AGGRESSIVE;
				GCC_WARN_UNUSED_FUNCTION = YES;
				GCC_WARN_UNUSED_VARIABLE = YES;
				IPHONEOS_DEPLOYMENT_TARGET = 12.4;
				MTL_ENABLE_DEBUG_INFO = NO;
				MTL_FAST_MATH = YES;
				SDKROOT = iphoneos;
				SWIFT_COMPILATION_MODE = wholemodule;
				SWIFT_OPTIMIZATION_LEVEL = "-O";
				VALIDATE_PRODUCT = YES;
			};
			name = Release;
		};
		E0A2FF6C234C2F6100425C79 /* Debug */ = {
			isa = XCBuildConfiguration;
			baseConfigurationReference = B2E847B5B7E0C55DC0C37FAA /* Pods-SampleMovieList.debug.xcconfig */;
			buildSettings = {
				ASSETCATALOG_COMPILER_APPICON_NAME = AppIcon;
				CODE_SIGN_STYLE = Manual;
				DEVELOPMENT_TEAM = "";
				INFOPLIST_FILE = SampleMovieList/Info.plist;
				IPHONEOS_DEPLOYMENT_TARGET = 10.0;
				LD_RUNPATH_SEARCH_PATHS = (
					"$(inherited)",
					"@executable_path/Frameworks",
				);
				PRODUCT_BUNDLE_IDENTIFIER = Chandresh.SampleMovieList;
				PRODUCT_NAME = "$(TARGET_NAME)";
				PROVISIONING_PROFILE_SPECIFIER = "";
				SWIFT_VERSION = 5.0;
				TARGETED_DEVICE_FAMILY = "1,2";
			};
			name = Debug;
		};
		E0A2FF6D234C2F6100425C79 /* Release */ = {
			isa = XCBuildConfiguration;
			baseConfigurationReference = 10A2EFCAA2F68B693309DE29 /* Pods-SampleMovieList.release.xcconfig */;
			buildSettings = {
				ASSETCATALOG_COMPILER_APPICON_NAME = AppIcon;
				CODE_SIGN_STYLE = Manual;
				DEVELOPMENT_TEAM = "";
				INFOPLIST_FILE = SampleMovieList/Info.plist;
				IPHONEOS_DEPLOYMENT_TARGET = 10.0;
				LD_RUNPATH_SEARCH_PATHS = (
					"$(inherited)",
					"@executable_path/Frameworks",
				);
				PRODUCT_BUNDLE_IDENTIFIER = Chandresh.SampleMovieList;
				PRODUCT_NAME = "$(TARGET_NAME)";
				PROVISIONING_PROFILE_SPECIFIER = "";
				SWIFT_VERSION = 5.0;
				TARGETED_DEVICE_FAMILY = "1,2";
			};
			name = Release;
		};
		E0A2FF6F234C2F6100425C79 /* Debug */ = {
			isa = XCBuildConfiguration;
			baseConfigurationReference = 070780C6C61653F1613B4399 /* Pods-SampleMovieListTests.debug.xcconfig */;
			buildSettings = {
				ALWAYS_EMBED_SWIFT_STANDARD_LIBRARIES = YES;
				BUNDLE_LOADER = "$(TEST_HOST)";
				CODE_SIGN_STYLE = Automatic;
				DEVELOPMENT_TEAM = 2Y9YZP6749;
				INFOPLIST_FILE = SampleMovieListTests/Info.plist;
				LD_RUNPATH_SEARCH_PATHS = (
					"$(inherited)",
					"@executable_path/Frameworks",
					"@loader_path/Frameworks",
				);
				PRODUCT_BUNDLE_IDENTIFIER = Chandresh.SampleMovieListTests;
				PRODUCT_NAME = "$(TARGET_NAME)";
				SWIFT_VERSION = 5.0;
				TARGETED_DEVICE_FAMILY = "1,2";
				TEST_HOST = "$(BUILT_PRODUCTS_DIR)/SampleMovieList.app/SampleMovieList";
			};
			name = Debug;
		};
		E0A2FF70234C2F6100425C79 /* Release */ = {
			isa = XCBuildConfiguration;
			baseConfigurationReference = C11940129F150FC8B52FE7C6 /* Pods-SampleMovieListTests.release.xcconfig */;
			buildSettings = {
				ALWAYS_EMBED_SWIFT_STANDARD_LIBRARIES = YES;
				BUNDLE_LOADER = "$(TEST_HOST)";
				CODE_SIGN_STYLE = Automatic;
				DEVELOPMENT_TEAM = 2Y9YZP6749;
				INFOPLIST_FILE = SampleMovieListTests/Info.plist;
				LD_RUNPATH_SEARCH_PATHS = (
					"$(inherited)",
					"@executable_path/Frameworks",
					"@loader_path/Frameworks",
				);
				PRODUCT_BUNDLE_IDENTIFIER = Chandresh.SampleMovieListTests;
				PRODUCT_NAME = "$(TARGET_NAME)";
				SWIFT_VERSION = 5.0;
				TARGETED_DEVICE_FAMILY = "1,2";
				TEST_HOST = "$(BUILT_PRODUCTS_DIR)/SampleMovieList.app/SampleMovieList";
			};
			name = Release;
		};
		E0A2FF72234C2F6100425C79 /* Debug */ = {
			isa = XCBuildConfiguration;
			baseConfigurationReference = 205E744A08CD2A51448B06AE /* Pods-SampleMovieList-SampleMovieListUITests.debug.xcconfig */;
			buildSettings = {
				ALWAYS_EMBED_SWIFT_STANDARD_LIBRARIES = YES;
				CODE_SIGN_STYLE = Automatic;
				DEVELOPMENT_TEAM = 2Y9YZP6749;
				INFOPLIST_FILE = SampleMovieListUITests/Info.plist;
				LD_RUNPATH_SEARCH_PATHS = (
					"$(inherited)",
					"@executable_path/Frameworks",
					"@loader_path/Frameworks",
				);
				PRODUCT_BUNDLE_IDENTIFIER = Chandresh.SampleMovieListUITests;
				PRODUCT_NAME = "$(TARGET_NAME)";
				SWIFT_VERSION = 5.0;
				TARGETED_DEVICE_FAMILY = "1,2";
				TEST_TARGET_NAME = SampleMovieList;
			};
			name = Debug;
		};
		E0A2FF73234C2F6100425C79 /* Release */ = {
			isa = XCBuildConfiguration;
			baseConfigurationReference = 5480E52EC74C2E622407C4FD /* Pods-SampleMovieList-SampleMovieListUITests.release.xcconfig */;
			buildSettings = {
				ALWAYS_EMBED_SWIFT_STANDARD_LIBRARIES = YES;
				CODE_SIGN_STYLE = Automatic;
				DEVELOPMENT_TEAM = 2Y9YZP6749;
				INFOPLIST_FILE = SampleMovieListUITests/Info.plist;
				LD_RUNPATH_SEARCH_PATHS = (
					"$(inherited)",
					"@executable_path/Frameworks",
					"@loader_path/Frameworks",
				);
				PRODUCT_BUNDLE_IDENTIFIER = Chandresh.SampleMovieListUITests;
				PRODUCT_NAME = "$(TARGET_NAME)";
				SWIFT_VERSION = 5.0;
				TARGETED_DEVICE_FAMILY = "1,2";
				TEST_TARGET_NAME = SampleMovieList;
			};
			name = Release;
		};
/* End XCBuildConfiguration section */

/* Begin XCConfigurationList section */
		E0A2FF3B234C2F6000425C79 /* Build configuration list for PBXProject "SampleMovieList" */ = {
			isa = XCConfigurationList;
			buildConfigurations = (
				E0A2FF69234C2F6100425C79 /* Debug */,
				E0A2FF6A234C2F6100425C79 /* Release */,
			);
			defaultConfigurationIsVisible = 0;
			defaultConfigurationName = Release;
		};
		E0A2FF6B234C2F6100425C79 /* Build configuration list for PBXNativeTarget "SampleMovieList" */ = {
			isa = XCConfigurationList;
			buildConfigurations = (
				E0A2FF6C234C2F6100425C79 /* Debug */,
				E0A2FF6D234C2F6100425C79 /* Release */,
			);
			defaultConfigurationIsVisible = 0;
			defaultConfigurationName = Release;
		};
		E0A2FF6E234C2F6100425C79 /* Build configuration list for PBXNativeTarget "SampleMovieListTests" */ = {
			isa = XCConfigurationList;
			buildConfigurations = (
				E0A2FF6F234C2F6100425C79 /* Debug */,
				E0A2FF70234C2F6100425C79 /* Release */,
			);
			defaultConfigurationIsVisible = 0;
			defaultConfigurationName = Release;
		};
		E0A2FF71234C2F6100425C79 /* Build configuration list for PBXNativeTarget "SampleMovieListUITests" */ = {
			isa = XCConfigurationList;
			buildConfigurations = (
				E0A2FF72234C2F6100425C79 /* Debug */,
				E0A2FF73234C2F6100425C79 /* Release */,
			);
			defaultConfigurationIsVisible = 0;
			defaultConfigurationName = Release;
		};
/* End XCConfigurationList section */

/* Begin XCVersionGroup section */
		E0A2FF4A234C2F6000425C79 /* SampleMovieList.xcdatamodeld */ = {
			isa = XCVersionGroup;
			children = (
				E0A2FF4B234C2F6000425C79 /* SampleMovieList.xcdatamodel */,
			);
			currentVersion = E0A2FF4B234C2F6000425C79 /* SampleMovieList.xcdatamodel */;
			path = SampleMovieList.xcdatamodeld;
			sourceTree = "<group>";
			versionGroupType = wrapper.xcdatamodel;
		};
/* End XCVersionGroup section */
	};
	rootObject = E0A2FF38234C2F6000425C79 /* Project object */;
}
