// !$*UTF8*$!
{
	archiveVersion = 1;
	classes = {
	};
	objectVersion = 51;
	objects = {

/* Begin PBXBuildFile section */
		3D7251CE6241A41E8D8854D9 /* Pods_SampleMovieList_SampleMovieListUITests.framework in Frameworks */ = {isa = PBXBuildFile; fileRef = 8A191FAEF37F559C7DDD8063 /* Pods_SampleMovieList_SampleMovieListUITests.framework */; };
		9D6C61FCBF0082684178A899 /* Pods_SampleMovieList.framework in Frameworks */ = {isa = PBXBuildFile; fileRef = 4EDEB7F70C50EAE4B048E688 /* Pods_SampleMovieList.framework */; };
		A8B8BB5653CDC1FEFD85945B /* Pods_SampleMovieListTests.framework in Frameworks */ = {isa = PBXBuildFile; fileRef = FDE17EE6B8F7B99CC7C2CD91 /* Pods_SampleMovieListTests.framework */; };
		E0A20003234DAFCD00425C79 /* MovieDetailViewModel.swift in Sources */ = {isa = PBXBuildFile; fileRef = E0A20002234DAFCD00425C79 /* MovieDetailViewModel.swift */; };
		E0A2000B234DCC2E00425C79 /* MovieSimilarTests.swift in Sources */ = {isa = PBXBuildFile; fileRef = E0A2000A234DCC2E00425C79 /* MovieSimilarTests.swift */; };
		E0A2000D234DCD0900425C79 /* UtilsFunction.swift in Sources */ = {isa = PBXBuildFile; fileRef = E0A2000C234DCD0900425C79 /* UtilsFunction.swift */; };
		E0A20014234DCED200425C79 /* CDCarouselBGView.swift in Sources */ = {isa = PBXBuildFile; fileRef = E0A20012234DCED200425C79 /* CDCarouselBGView.swift */; };
		E0A20015234DCED200425C79 /* CDCarouselBGView.xib in Resources */ = {isa = PBXBuildFile; fileRef = E0A20013234DCED200425C79 /* CDCarouselBGView.xib */; };
		E0A2001C234DD34900425C79 /* CarouselContentViewCell.swift in Sources */ = {isa = PBXBuildFile; fileRef = E0A2001A234DD34900425C79 /* CarouselContentViewCell.swift */; };
		E0A2001D234DD34900425C79 /* CarouselContentViewCell.xib in Resources */ = {isa = PBXBuildFile; fileRef = E0A2001B234DD34900425C79 /* CarouselContentViewCell.xib */; };
		E0A2002C234EC4AA00425C79 /* MovieDetailsScreenViewController.swift in Sources */ = {isa = PBXBuildFile; fileRef = E0A2002B234EC4AA00425C79 /* MovieDetailsScreenViewController.swift */; };
		E0A2002E234EC72C00425C79 /* BaseReusableTableView.swift in Sources */ = {isa = PBXBuildFile; fileRef = E0A2002D234EC72C00425C79 /* BaseReusableTableView.swift */; };
		E0A20031234EC88400425C79 /* MovieDetailListCell.swift in Sources */ = {isa = PBXBuildFile; fileRef = E0A2002F234EC88400425C79 /* MovieDetailListCell.swift */; };
		E0A20032234EC88400425C79 /* MovieDetailListCell.xib in Resources */ = {isa = PBXBuildFile; fileRef = E0A20030234EC88400425C79 /* MovieDetailListCell.xib */; };
		E0A20038234ED8CE00425C79 /* MainBaseViewController.swift in Sources */ = {isa = PBXBuildFile; fileRef = E0A20037234ED8CE00425C79 /* MainBaseViewController.swift */; };
		E0A20041234EDE2C00425C79 /* ParallaxHeaderMode.swift in Sources */ = {isa = PBXBuildFile; fileRef = E0A2003E234EDE2C00425C79 /* ParallaxHeaderMode.swift */; };
		E0A20042234EDE2C00425C79 /* UIScrollView+ParallaxHeader.swift in Sources */ = {isa = PBXBuildFile; fileRef = E0A2003F234EDE2C00425C79 /* UIScrollView+ParallaxHeader.swift */; };
		E0A20043234EDE2C00425C79 /* ParallaxHeader.swift in Sources */ = {isa = PBXBuildFile; fileRef = E0A20040234EDE2C00425C79 /* ParallaxHeader.swift */; };
		E0A20045234EDF7000425C79 /* UIView+Blur.swift in Sources */ = {isa = PBXBuildFile; fileRef = E0A20044234EDF7000425C79 /* UIView+Blur.swift */; };
		E0A20048234EE39500425C79 /* SimilarRelatedMovieCell.swift in Sources */ = {isa = PBXBuildFile; fileRef = E0A20046234EE39500425C79 /* SimilarRelatedMovieCell.swift */; };
		E0A20049234EE39500425C79 /* SimilarRelatedMovieCell.xib in Resources */ = {isa = PBXBuildFile; fileRef = E0A20047234EE39500425C79 /* SimilarRelatedMovieCell.xib */; };
		E0A2004B234F04C900425C79 /* NetworkReachability.swift in Sources */ = {isa = PBXBuildFile; fileRef = E0A2004A234F04C900425C79 /* NetworkReachability.swift */; };
		E0A2FF44234C2F6000425C79 /* AppDelegate.swift in Sources */ = {isa = PBXBuildFile; fileRef = E0A2FF43234C2F6000425C79 /* AppDelegate.swift */; };
		E0A2FF49234C2F6000425C79 /* Main.storyboard in Resources */ = {isa = PBXBuildFile; fileRef = E0A2FF47234C2F6000425C79 /* Main.storyboard */; };
		E0A2FF4C234C2F6000425C79 /* SampleMovieList.xcdatamodeld in Sources */ = {isa = PBXBuildFile; fileRef = E0A2FF4A234C2F6000425C79 /* SampleMovieList.xcdatamodeld */; };
		E0A2FF4E234C2F6100425C79 /* Assets.xcassets in Resources */ = {isa = PBXBuildFile; fileRef = E0A2FF4D234C2F6100425C79 /* Assets.xcassets */; };
		E0A2FF51234C2F6100425C79 /* LaunchScreen.storyboard in Resources */ = {isa = PBXBuildFile; fileRef = E0A2FF4F234C2F6100425C79 /* LaunchScreen.storyboard */; };
		E0A2FF5C234C2F6100425C79 /* SampleMovieListTests.swift in Sources */ = {isa = PBXBuildFile; fileRef = E0A2FF5B234C2F6100425C79 /* SampleMovieListTests.swift */; };
		E0A2FF67234C2F6100425C79 /* SampleMovieListUITests.swift in Sources */ = {isa = PBXBuildFile; fileRef = E0A2FF66234C2F6100425C79 /* SampleMovieListUITests.swift */; };
		E0A2FFA1234C338900425C79 /* MovieListLandingViewController.swift in Sources */ = {isa = PBXBuildFile; fileRef = E0A2FFA0234C338900425C79 /* MovieListLandingViewController.swift */; };
		E0A2FFA5234C35A000425C79 /* BaseReuseableView.swift in Sources */ = {isa = PBXBuildFile; fileRef = E0A2FFA2234C35A000425C79 /* BaseReuseableView.swift */; };
		E0A2FFA6234C35A000425C79 /* BaseCell.swift in Sources */ = {isa = PBXBuildFile; fileRef = E0A2FFA3234C35A000425C79 /* BaseCell.swift */; };
		E0A2FFA7234C35A000425C79 /* BaseView.swift in Sources */ = {isa = PBXBuildFile; fileRef = E0A2FFA4234C35A000425C79 /* BaseView.swift */; };
		E0A2FFAB234C36A700425C79 /* ComponentMovieListCell.swift in Sources */ = {isa = PBXBuildFile; fileRef = E0A2FFA9234C36A700425C79 /* ComponentMovieListCell.swift */; };
		E0A2FFAC234C36A700425C79 /* ComponentMovieListCell.xib in Resources */ = {isa = PBXBuildFile; fileRef = E0A2FFAA234C36A700425C79 /* ComponentMovieListCell.xib */; };
		E0A2FFBA234C40A800425C79 /* BaseURLWithRouterType.swift in Sources */ = {isa = PBXBuildFile; fileRef = E0A2FFAF234C40A700425C79 /* BaseURLWithRouterType.swift */; };
		E0A2FFBB234C40A800425C79 /* ParameterEncoding.swift in Sources */ = {isa = PBXBuildFile; fileRef = E0A2FFB1234C40A700425C79 /* ParameterEncoding.swift */; };
		E0A2FFBC234C40A800425C79 /* URLParameterEncoding.swift in Sources */ = {isa = PBXBuildFile; fileRef = E0A2FFB2234C40A700425C79 /* URLParameterEncoding.swift */; };
		E0A2FFBD234C40A800425C79 /* JSONParameterEncoder.swift in Sources */ = {isa = PBXBuildFile; fileRef = E0A2FFB3234C40A700425C79 /* JSONParameterEncoder.swift */; };
		E0A2FFBE234C40A800425C79 /* BaseNetworkRouter.swift in Sources */ = {isa = PBXBuildFile; fileRef = E0A2FFB4234C40A800425C79 /* BaseNetworkRouter.swift */; };
		E0A2FFBF234C40A800425C79 /* NetworkLogs.swift in Sources */ = {isa = PBXBuildFile; fileRef = E0A2FFB5234C40A800425C79 /* NetworkLogs.swift */; };
		E0A2FFC0234C40A800425C79 /* NetworkManager.swift in Sources */ = {isa = PBXBuildFile; fileRef = E0A2FFB6234C40A800425C79 /* NetworkManager.swift */; };
		E0A2FFC1234C40A800425C79 /* HTTPTask.swift in Sources */ = {isa = PBXBuildFile; fileRef = E0A2FFB7234C40A800425C79 /* HTTPTask.swift */; };
		E0A2FFC2234C40A800425C79 /* NetworkRouterType.swift in Sources */ = {isa = PBXBuildFile; fileRef = E0A2FFB8234C40A800425C79 /* NetworkRouterType.swift */; };
		E0A2FFC3234C40A800425C79 /* HTTPMethod.swift in Sources */ = {isa = PBXBuildFile; fileRef = E0A2FFB9234C40A800425C79 /* HTTPMethod.swift */; };
		E0A2FFC7234C4E2A00425C79 /* BaseDataModel.swift in Sources */ = {isa = PBXBuildFile; fileRef = E0A2FFC6234C4E2A00425C79 /* BaseDataModel.swift */; };
		E0A2FFCA234C4F7B00425C79 /* BaseProtocols.swift in Sources */ = {isa = PBXBuildFile; fileRef = E0A2FFC9234C4F7B00425C79 /* BaseProtocols.swift */; };
		E0A2FFCC234C503D00425C79 /* NowPlayingViewModel.swift in Sources */ = {isa = PBXBuildFile; fileRef = E0A2FFCB234C503D00425C79 /* NowPlayingViewModel.swift */; };
		E0A2FFCE234C72A200425C79 /* BaseConstant.swift in Sources */ = {isa = PBXBuildFile; fileRef = E0A2FFCD234C72A200425C79 /* BaseConstant.swift */; };
		E0A2FFD0234C733A00425C79 /* UIImageView+Extension.swift in Sources */ = {isa = PBXBuildFile; fileRef = E0A2FFCF234C733A00425C79 /* UIImageView+Extension.swift */; };
		E0A2FFE0234C7A4900425C79 /* FontsUtils.swift in Sources */ = {isa = PBXBuildFile; fileRef = E0A2FFD2234C7A4900425C79 /* FontsUtils.swift */; };
		E0A2FFE2234C7A4900425C79 /* ColorUtils.swift in Sources */ = {isa = PBXBuildFile; fileRef = E0A2FFD4234C7A4900425C79 /* ColorUtils.swift */; };
		E0A2FFE3234C7A4900425C79 /* Roboto-Medium.ttf in Resources */ = {isa = PBXBuildFile; fileRef = E0A2FFD6234C7A4900425C79 /* Roboto-Medium.ttf */; };
		E0A2FFE4234C7A4900425C79 /* Roboto-Light.ttf in Resources */ = {isa = PBXBuildFile; fileRef = E0A2FFD7234C7A4900425C79 /* Roboto-Light.ttf */; };
		E0A2FFE5234C7A4900425C79 /* Roboto-Regular.ttf in Resources */ = {isa = PBXBuildFile; fileRef = E0A2FFD8234C7A4900425C79 /* Roboto-Regular.ttf */; };
		E0A2FFEA234C7A4A00425C79 /* Roboto-Bold.ttf in Resources */ = {isa = PBXBuildFile; fileRef = E0A2FFDD234C7A4900425C79 /* Roboto-Bold.ttf */; };
		E0A2FFEB234C7A4A00425C79 /* Roboto-Thin.ttf in Resources */ = {isa = PBXBuildFile; fileRef = E0A2FFDE234C7A4900425C79 /* Roboto-Thin.ttf */; };
		E0A2FFEC234C7A4A00425C79 /* Roboto-Black.ttf in Resources */ = {isa = PBXBuildFile; fileRef = E0A2FFDF234C7A4900425C79 /* Roboto-Black.ttf */; };
		E0A2FFEE234C929700425C79 /* UIView+Extensions.swift in Sources */ = {isa = PBXBuildFile; fileRef = E0A2FFED234C929700425C79 /* UIView+Extensions.swift */; };
		E0A2FFF6234D9A5800425C79 /* MovieMainBaseView.swift in Sources */ = {isa = PBXBuildFile; fileRef = E0A2FFF5234D9A5800425C79 /* MovieMainBaseView.swift */; };
		E0A2FFF8234D9A6300425C79 /* MovieMainBaseView.xib in Resources */ = {isa = PBXBuildFile; fileRef = E0A2FFF7234D9A6300425C79 /* MovieMainBaseView.xib */; };
/* End PBXBuildFile section */

/* Begin PBXContainerItemProxy section */
		E0A2FF58234C2F6100425C79 /* PBXContainerItemProxy */ = {
			isa = PBXContainerItemProxy;
			containerPortal = E0A2FF38234C2F6000425C79 /* Project object */;
			proxyType = 1;
			remoteGlobalIDString = E0A2FF3F234C2F6000425C79;
			remoteInfo = SampleMovieList;
		};
		E0A2FF63234C2F6100425C79 /* PBXContainerItemProxy */ = {
			isa = PBXContainerItemProxy;
			containerPortal = E0A2FF38234C2F6000425C79 /* Project object */;
			proxyType = 1;
			remoteGlobalIDString = E0A2FF3F234C2F6000425C79;
			remoteInfo = SampleMovieList;
		};
/* End PBXContainerItemProxy section */

/* Begin PBXFileReference section */
		001B24700436AF106A64029F /* Pods-SampleMovieListTests.release.xcconfig */ = {isa = PBXFileReference; includeInIndex = 1; lastKnownFileType = text.xcconfig; name = "Pods-SampleMovieListTests.release.xcconfig"; path = "Target Support Files/Pods-SampleMovieListTests/Pods-SampleMovieListTests.release.xcconfig"; sourceTree = "<group>"; };
		0BFEDC69DE7802118BA7A61F /* Pods-SampleMovieList.release.xcconfig */ = {isa = PBXFileReference; includeInIndex = 1; lastKnownFileType = text.xcconfig; name = "Pods-SampleMovieList.release.xcconfig"; path = "Target Support Files/Pods-SampleMovieList/Pods-SampleMovieList.release.xcconfig"; sourceTree = "<group>"; };
		2075BDA75FA7C7F8674597EA /* Pods-SampleMovieList-SampleMovieListUITests.release.xcconfig */ = {isa = PBXFileReference; includeInIndex = 1; lastKnownFileType = text.xcconfig; name = "Pods-SampleMovieList-SampleMovieListUITests.release.xcconfig"; path = "Target Support Files/Pods-SampleMovieList-SampleMovieListUITests/Pods-SampleMovieList-SampleMovieListUITests.release.xcconfig"; sourceTree = "<group>"; };
		4EDEB7F70C50EAE4B048E688 /* Pods_SampleMovieList.framework */ = {isa = PBXFileReference; explicitFileType = wrapper.framework; includeInIndex = 0; path = Pods_SampleMovieList.framework; sourceTree = BUILT_PRODUCTS_DIR; };
		8A10396D6A90A0386DC7CDF5 /* Pods-SampleMovieList-SampleMovieListUITests.debug.xcconfig */ = {isa = PBXFileReference; includeInIndex = 1; lastKnownFileType = text.xcconfig; name = "Pods-SampleMovieList-SampleMovieListUITests.debug.xcconfig"; path = "Target Support Files/Pods-SampleMovieList-SampleMovieListUITests/Pods-SampleMovieList-SampleMovieListUITests.debug.xcconfig"; sourceTree = "<group>"; };
		8A191FAEF37F559C7DDD8063 /* Pods_SampleMovieList_SampleMovieListUITests.framework */ = {isa = PBXFileReference; explicitFileType = wrapper.framework; includeInIndex = 0; path = Pods_SampleMovieList_SampleMovieListUITests.framework; sourceTree = BUILT_PRODUCTS_DIR; };
		A6F4686F6820A4B828363BE3 /* Pods-SampleMovieListTests.debug.xcconfig */ = {isa = PBXFileReference; includeInIndex = 1; lastKnownFileType = text.xcconfig; name = "Pods-SampleMovieListTests.debug.xcconfig"; path = "Target Support Files/Pods-SampleMovieListTests/Pods-SampleMovieListTests.debug.xcconfig"; sourceTree = "<group>"; };
		E0A20002234DAFCD00425C79 /* MovieDetailViewModel.swift */ = {isa = PBXFileReference; lastKnownFileType = sourcecode.swift; path = MovieDetailViewModel.swift; sourceTree = "<group>"; };
		E0A2000A234DCC2E00425C79 /* MovieSimilarTests.swift */ = {isa = PBXFileReference; lastKnownFileType = sourcecode.swift; path = MovieSimilarTests.swift; sourceTree = "<group>"; };
		E0A2000C234DCD0900425C79 /* UtilsFunction.swift */ = {isa = PBXFileReference; lastKnownFileType = sourcecode.swift; path = UtilsFunction.swift; sourceTree = "<group>"; };
		E0A20012234DCED200425C79 /* CDCarouselBGView.swift */ = {isa = PBXFileReference; fileEncoding = 4; lastKnownFileType = sourcecode.swift; path = CDCarouselBGView.swift; sourceTree = "<group>"; };
		E0A20013234DCED200425C79 /* CDCarouselBGView.xib */ = {isa = PBXFileReference; fileEncoding = 4; lastKnownFileType = file.xib; path = CDCarouselBGView.xib; sourceTree = "<group>"; };
		E0A2001A234DD34900425C79 /* CarouselContentViewCell.swift */ = {isa = PBXFileReference; lastKnownFileType = sourcecode.swift; path = CarouselContentViewCell.swift; sourceTree = "<group>"; };
		E0A2001B234DD34900425C79 /* CarouselContentViewCell.xib */ = {isa = PBXFileReference; lastKnownFileType = file.xib; path = CarouselContentViewCell.xib; sourceTree = "<group>"; };
		E0A2002B234EC4AA00425C79 /* MovieDetailsScreenViewController.swift */ = {isa = PBXFileReference; lastKnownFileType = sourcecode.swift; path = MovieDetailsScreenViewController.swift; sourceTree = "<group>"; };
		E0A2002D234EC72C00425C79 /* BaseReusableTableView.swift */ = {isa = PBXFileReference; lastKnownFileType = sourcecode.swift; path = BaseReusableTableView.swift; sourceTree = "<group>"; };
		E0A2002F234EC88400425C79 /* MovieDetailListCell.swift */ = {isa = PBXFileReference; lastKnownFileType = sourcecode.swift; path = MovieDetailListCell.swift; sourceTree = "<group>"; };
		E0A20030234EC88400425C79 /* MovieDetailListCell.xib */ = {isa = PBXFileReference; lastKnownFileType = file.xib; path = MovieDetailListCell.xib; sourceTree = "<group>"; };
		E0A20037234ED8CE00425C79 /* MainBaseViewController.swift */ = {isa = PBXFileReference; fileEncoding = 4; lastKnownFileType = sourcecode.swift; path = MainBaseViewController.swift; sourceTree = "<group>"; };
		E0A2003E234EDE2C00425C79 /* ParallaxHeaderMode.swift */ = {isa = PBXFileReference; fileEncoding = 4; lastKnownFileType = sourcecode.swift; path = ParallaxHeaderMode.swift; sourceTree = "<group>"; };
		E0A2003F234EDE2C00425C79 /* UIScrollView+ParallaxHeader.swift */ = {isa = PBXFileReference; fileEncoding = 4; lastKnownFileType = sourcecode.swift; path = "UIScrollView+ParallaxHeader.swift"; sourceTree = "<group>"; };
		E0A20040234EDE2C00425C79 /* ParallaxHeader.swift */ = {isa = PBXFileReference; fileEncoding = 4; lastKnownFileType = sourcecode.swift; path = ParallaxHeader.swift; sourceTree = "<group>"; };
		E0A20044234EDF7000425C79 /* UIView+Blur.swift */ = {isa = PBXFileReference; fileEncoding = 4; lastKnownFileType = sourcecode.swift; path = "UIView+Blur.swift"; sourceTree = "<group>"; };
		E0A20046234EE39500425C79 /* SimilarRelatedMovieCell.swift */ = {isa = PBXFileReference; lastKnownFileType = sourcecode.swift; path = SimilarRelatedMovieCell.swift; sourceTree = "<group>"; };
		E0A20047234EE39500425C79 /* SimilarRelatedMovieCell.xib */ = {isa = PBXFileReference; lastKnownFileType = file.xib; path = SimilarRelatedMovieCell.xib; sourceTree = "<group>"; };
		E0A2004A234F04C900425C79 /* NetworkReachability.swift */ = {isa = PBXFileReference; lastKnownFileType = sourcecode.swift; path = NetworkReachability.swift; sourceTree = "<group>"; };
		E0A2FF40234C2F6000425C79 /* SampleMovieList.app */ = {isa = PBXFileReference; explicitFileType = wrapper.application; includeInIndex = 0; path = SampleMovieList.app; sourceTree = BUILT_PRODUCTS_DIR; };
		E0A2FF43234C2F6000425C79 /* AppDelegate.swift */ = {isa = PBXFileReference; lastKnownFileType = sourcecode.swift; path = AppDelegate.swift; sourceTree = "<group>"; };
		E0A2FF48234C2F6000425C79 /* Base */ = {isa = PBXFileReference; lastKnownFileType = file.storyboard; name = Base; path = Base.lproj/Main.storyboard; sourceTree = "<group>"; };
		E0A2FF4B234C2F6000425C79 /* SampleMovieList.xcdatamodel */ = {isa = PBXFileReference; lastKnownFileType = wrapper.xcdatamodel; path = SampleMovieList.xcdatamodel; sourceTree = "<group>"; };
		E0A2FF4D234C2F6100425C79 /* Assets.xcassets */ = {isa = PBXFileReference; lastKnownFileType = folder.assetcatalog; path = Assets.xcassets; sourceTree = "<group>"; };
		E0A2FF50234C2F6100425C79 /* Base */ = {isa = PBXFileReference; lastKnownFileType = file.storyboard; name = Base; path = Base.lproj/LaunchScreen.storyboard; sourceTree = "<group>"; };
		E0A2FF52234C2F6100425C79 /* Info.plist */ = {isa = PBXFileReference; lastKnownFileType = text.plist.xml; path = Info.plist; sourceTree = "<group>"; };
		E0A2FF57234C2F6100425C79 /* SampleMovieListTests.xctest */ = {isa = PBXFileReference; explicitFileType = wrapper.cfbundle; includeInIndex = 0; path = SampleMovieListTests.xctest; sourceTree = BUILT_PRODUCTS_DIR; };
		E0A2FF5B234C2F6100425C79 /* SampleMovieListTests.swift */ = {isa = PBXFileReference; lastKnownFileType = sourcecode.swift; path = SampleMovieListTests.swift; sourceTree = "<group>"; };
		E0A2FF5D234C2F6100425C79 /* Info.plist */ = {isa = PBXFileReference; lastKnownFileType = text.plist.xml; path = Info.plist; sourceTree = "<group>"; };
		E0A2FF62234C2F6100425C79 /* SampleMovieListUITests.xctest */ = {isa = PBXFileReference; explicitFileType = wrapper.cfbundle; includeInIndex = 0; path = SampleMovieListUITests.xctest; sourceTree = BUILT_PRODUCTS_DIR; };
		E0A2FF66234C2F6100425C79 /* SampleMovieListUITests.swift */ = {isa = PBXFileReference; lastKnownFileType = sourcecode.swift; path = SampleMovieListUITests.swift; sourceTree = "<group>"; };
		E0A2FF68234C2F6100425C79 /* Info.plist */ = {isa = PBXFileReference; lastKnownFileType = text.plist.xml; path = Info.plist; sourceTree = "<group>"; };
		E0A2FFA0234C338900425C79 /* MovieListLandingViewController.swift */ = {isa = PBXFileReference; fileEncoding = 4; lastKnownFileType = sourcecode.swift; path = MovieListLandingViewController.swift; sourceTree = "<group>"; };
		E0A2FFA2234C35A000425C79 /* BaseReuseableView.swift */ = {isa = PBXFileReference; fileEncoding = 4; lastKnownFileType = sourcecode.swift; path = BaseReuseableView.swift; sourceTree = "<group>"; };
		E0A2FFA3234C35A000425C79 /* BaseCell.swift */ = {isa = PBXFileReference; fileEncoding = 4; lastKnownFileType = sourcecode.swift; path = BaseCell.swift; sourceTree = "<group>"; };
		E0A2FFA4234C35A000425C79 /* BaseView.swift */ = {isa = PBXFileReference; fileEncoding = 4; lastKnownFileType = sourcecode.swift; path = BaseView.swift; sourceTree = "<group>"; };
		E0A2FFA9234C36A700425C79 /* ComponentMovieListCell.swift */ = {isa = PBXFileReference; lastKnownFileType = sourcecode.swift; path = ComponentMovieListCell.swift; sourceTree = "<group>"; };
		E0A2FFAA234C36A700425C79 /* ComponentMovieListCell.xib */ = {isa = PBXFileReference; lastKnownFileType = file.xib; path = ComponentMovieListCell.xib; sourceTree = "<group>"; };
		E0A2FFAF234C40A700425C79 /* BaseURLWithRouterType.swift */ = {isa = PBXFileReference; fileEncoding = 4; lastKnownFileType = sourcecode.swift; path = BaseURLWithRouterType.swift; sourceTree = "<group>"; };
		E0A2FFB1234C40A700425C79 /* ParameterEncoding.swift */ = {isa = PBXFileReference; fileEncoding = 4; lastKnownFileType = sourcecode.swift; path = ParameterEncoding.swift; sourceTree = "<group>"; };
		E0A2FFB2234C40A700425C79 /* URLParameterEncoding.swift */ = {isa = PBXFileReference; fileEncoding = 4; lastKnownFileType = sourcecode.swift; path = URLParameterEncoding.swift; sourceTree = "<group>"; };
		E0A2FFB3234C40A700425C79 /* JSONParameterEncoder.swift */ = {isa = PBXFileReference; fileEncoding = 4; lastKnownFileType = sourcecode.swift; path = JSONParameterEncoder.swift; sourceTree = "<group>"; };
		E0A2FFB4234C40A800425C79 /* BaseNetworkRouter.swift */ = {isa = PBXFileReference; fileEncoding = 4; lastKnownFileType = sourcecode.swift; path = BaseNetworkRouter.swift; sourceTree = "<group>"; };
		E0A2FFB5234C40A800425C79 /* NetworkLogs.swift */ = {isa = PBXFileReference; fileEncoding = 4; lastKnownFileType = sourcecode.swift; path = NetworkLogs.swift; sourceTree = "<group>"; };
		E0A2FFB6234C40A800425C79 /* NetworkManager.swift */ = {isa = PBXFileReference; fileEncoding = 4; lastKnownFileType = sourcecode.swift; path = NetworkManager.swift; sourceTree = "<group>"; };
		E0A2FFB7234C40A800425C79 /* HTTPTask.swift */ = {isa = PBXFileReference; fileEncoding = 4; lastKnownFileType = sourcecode.swift; path = HTTPTask.swift; sourceTree = "<group>"; };
		E0A2FFB8234C40A800425C79 /* NetworkRouterType.swift */ = {isa = PBXFileReference; fileEncoding = 4; lastKnownFileType = sourcecode.swift; path = NetworkRouterType.swift; sourceTree = "<group>"; };
		E0A2FFB9234C40A800425C79 /* HTTPMethod.swift */ = {isa = PBXFileReference; fileEncoding = 4; lastKnownFileType = sourcecode.swift; path = HTTPMethod.swift; sourceTree = "<group>"; };
		E0A2FFC6234C4E2A00425C79 /* BaseDataModel.swift */ = {isa = PBXFileReference; lastKnownFileType = sourcecode.swift; path = BaseDataModel.swift; sourceTree = "<group>"; };
		E0A2FFC9234C4F7B00425C79 /* BaseProtocols.swift */ = {isa = PBXFileReference; lastKnownFileType = sourcecode.swift; path = BaseProtocols.swift; sourceTree = "<group>"; };
		E0A2FFCB234C503D00425C79 /* NowPlayingViewModel.swift */ = {isa = PBXFileReference; lastKnownFileType = sourcecode.swift; path = NowPlayingViewModel.swift; sourceTree = "<group>"; };
		E0A2FFCD234C72A200425C79 /* BaseConstant.swift */ = {isa = PBXFileReference; lastKnownFileType = sourcecode.swift; path = BaseConstant.swift; sourceTree = "<group>"; };
		E0A2FFCF234C733A00425C79 /* UIImageView+Extension.swift */ = {isa = PBXFileReference; lastKnownFileType = sourcecode.swift; path = "UIImageView+Extension.swift"; sourceTree = "<group>"; };
		E0A2FFD2234C7A4900425C79 /* FontsUtils.swift */ = {isa = PBXFileReference; fileEncoding = 4; lastKnownFileType = sourcecode.swift; path = FontsUtils.swift; sourceTree = "<group>"; };
		E0A2FFD4234C7A4900425C79 /* ColorUtils.swift */ = {isa = PBXFileReference; fileEncoding = 4; lastKnownFileType = sourcecode.swift; path = ColorUtils.swift; sourceTree = "<group>"; };
		E0A2FFD6234C7A4900425C79 /* Roboto-Medium.ttf */ = {isa = PBXFileReference; lastKnownFileType = file; path = "Roboto-Medium.ttf"; sourceTree = "<group>"; };
		E0A2FFD7234C7A4900425C79 /* Roboto-Light.ttf */ = {isa = PBXFileReference; lastKnownFileType = file; path = "Roboto-Light.ttf"; sourceTree = "<group>"; };
		E0A2FFD8234C7A4900425C79 /* Roboto-Regular.ttf */ = {isa = PBXFileReference; lastKnownFileType = file; path = "Roboto-Regular.ttf"; sourceTree = "<group>"; };
		E0A2FFDD234C7A4900425C79 /* Roboto-Bold.ttf */ = {isa = PBXFileReference; lastKnownFileType = file; path = "Roboto-Bold.ttf"; sourceTree = "<group>"; };
		E0A2FFDE234C7A4900425C79 /* Roboto-Thin.ttf */ = {isa = PBXFileReference; lastKnownFileType = file; path = "Roboto-Thin.ttf"; sourceTree = "<group>"; };
		E0A2FFDF234C7A4900425C79 /* Roboto-Black.ttf */ = {isa = PBXFileReference; lastKnownFileType = file; path = "Roboto-Black.ttf"; sourceTree = "<group>"; };
		E0A2FFED234C929700425C79 /* UIView+Extensions.swift */ = {isa = PBXFileReference; fileEncoding = 4; lastKnownFileType = sourcecode.swift; path = "UIView+Extensions.swift"; sourceTree = "<group>"; };
		E0A2FFF5234D9A5800425C79 /* MovieMainBaseView.swift */ = {isa = PBXFileReference; lastKnownFileType = sourcecode.swift; path = MovieMainBaseView.swift; sourceTree = "<group>"; };
		E0A2FFF7234D9A6300425C79 /* MovieMainBaseView.xib */ = {isa = PBXFileReference; lastKnownFileType = file.xib; path = MovieMainBaseView.xib; sourceTree = "<group>"; };
		F3DBC2ADE29472BDED8FA776 /* Pods-SampleMovieList.debug.xcconfig */ = {isa = PBXFileReference; includeInIndex = 1; lastKnownFileType = text.xcconfig; name = "Pods-SampleMovieList.debug.xcconfig"; path = "Target Support Files/Pods-SampleMovieList/Pods-SampleMovieList.debug.xcconfig"; sourceTree = "<group>"; };
		FDE17EE6B8F7B99CC7C2CD91 /* Pods_SampleMovieListTests.framework */ = {isa = PBXFileReference; explicitFileType = wrapper.framework; includeInIndex = 0; path = Pods_SampleMovieListTests.framework; sourceTree = BUILT_PRODUCTS_DIR; };
/* End PBXFileReference section */

/* Begin PBXFrameworksBuildPhase section */
		E0A2FF3D234C2F6000425C79 /* Frameworks */ = {
			isa = PBXFrameworksBuildPhase;
			buildActionMask = 2147483647;
			files = (
				9D6C61FCBF0082684178A899 /* Pods_SampleMovieList.framework in Frameworks */,
			);
			runOnlyForDeploymentPostprocessing = 0;
		};
		E0A2FF54234C2F6100425C79 /* Frameworks */ = {
			isa = PBXFrameworksBuildPhase;
			buildActionMask = 2147483647;
			files = (
				A8B8BB5653CDC1FEFD85945B /* Pods_SampleMovieListTests.framework in Frameworks */,
			);
			runOnlyForDeploymentPostprocessing = 0;
		};
		E0A2FF5F234C2F6100425C79 /* Frameworks */ = {
			isa = PBXFrameworksBuildPhase;
			buildActionMask = 2147483647;
			files = (
				3D7251CE6241A41E8D8854D9 /* Pods_SampleMovieList_SampleMovieListUITests.framework in Frameworks */,
			);
			runOnlyForDeploymentPostprocessing = 0;
		};
/* End PBXFrameworksBuildPhase section */

/* Begin PBXGroup section */
		B1CD402E7849FD4AA41AE0D1 /* Pods */ = {
			isa = PBXGroup;
			children = (
				F3DBC2ADE29472BDED8FA776 /* Pods-SampleMovieList.debug.xcconfig */,
				0BFEDC69DE7802118BA7A61F /* Pods-SampleMovieList.release.xcconfig */,
				8A10396D6A90A0386DC7CDF5 /* Pods-SampleMovieList-SampleMovieListUITests.debug.xcconfig */,
				2075BDA75FA7C7F8674597EA /* Pods-SampleMovieList-SampleMovieListUITests.release.xcconfig */,
				A6F4686F6820A4B828363BE3 /* Pods-SampleMovieListTests.debug.xcconfig */,
				001B24700436AF106A64029F /* Pods-SampleMovieListTests.release.xcconfig */,
			);
			path = Pods;
			sourceTree = "<group>";
		};
		C43E2697EE6AB4CFE20D5317 /* Frameworks */ = {
			isa = PBXGroup;
			children = (
				4EDEB7F70C50EAE4B048E688 /* Pods_SampleMovieList.framework */,
				8A191FAEF37F559C7DDD8063 /* Pods_SampleMovieList_SampleMovieListUITests.framework */,
				FDE17EE6B8F7B99CC7C2CD91 /* Pods_SampleMovieListTests.framework */,
			);
			name = Frameworks;
			sourceTree = "<group>";
		};
		E0A2003D234EDE2C00425C79 /* ParallaxHeader */ = {
			isa = PBXGroup;
			children = (
				E0A2003E234EDE2C00425C79 /* ParallaxHeaderMode.swift */,
				E0A2003F234EDE2C00425C79 /* UIScrollView+ParallaxHeader.swift */,
				E0A20040234EDE2C00425C79 /* ParallaxHeader.swift */,
			);
			path = ParallaxHeader;
			sourceTree = "<group>";
		};
		E0A2FF37234C2F6000425C79 = {
			isa = PBXGroup;
			children = (
				E0A2FF42234C2F6000425C79 /* SampleMovieList */,
				E0A2FF5A234C2F6100425C79 /* SampleMovieListTests */,
				E0A2FF65234C2F6100425C79 /* SampleMovieListUITests */,
				E0A2FF41234C2F6000425C79 /* Products */,
				B1CD402E7849FD4AA41AE0D1 /* Pods */,
				C43E2697EE6AB4CFE20D5317 /* Frameworks */,
			);
			sourceTree = "<group>";
		};
		E0A2FF41234C2F6000425C79 /* Products */ = {
			isa = PBXGroup;
			children = (
				E0A2FF40234C2F6000425C79 /* SampleMovieList.app */,
				E0A2FF57234C2F6100425C79 /* SampleMovieListTests.xctest */,
				E0A2FF62234C2F6100425C79 /* SampleMovieListUITests.xctest */,
			);
			name = Products;
			sourceTree = "<group>";
		};
		E0A2FF42234C2F6000425C79 /* SampleMovieList */ = {
			isa = PBXGroup;
			children = (
				E0A2FFD5234C7A4900425C79 /* Roboto */,
				E0A2FFD1234C7A4900425C79 /* Skins */,
				E0A2FFA8234C364100425C79 /* BaseComponent */,
				E0A2FF9D234C337A00425C79 /* ConstantMethod */,
				E0A2FF9F234C337A00425C79 /* DataModel */,
				E0A2FF9A234C337A00425C79 /* Extentions */,
				E0A2FFC8234C4F6200425C79 /* Protocols */,
				E0A2FF9E234C337A00425C79 /* NetworkLayer */,
				E0A2FF9B234C337A00425C79 /* UIComponents */,
				E0A2FF99234C337900425C79 /* ViewController */,
				E0A2FF9C234C337A00425C79 /* ViewModel */,
				E0A2FF43234C2F6000425C79 /* AppDelegate.swift */,
				E0A2FF47234C2F6000425C79 /* Main.storyboard */,
				E0A2FF4D234C2F6100425C79 /* Assets.xcassets */,
				E0A2FF4F234C2F6100425C79 /* LaunchScreen.storyboard */,
				E0A2FF52234C2F6100425C79 /* Info.plist */,
				E0A2FF4A234C2F6000425C79 /* SampleMovieList.xcdatamodeld */,
			);
			path = SampleMovieList;
			sourceTree = "<group>";
		};
		E0A2FF5A234C2F6100425C79 /* SampleMovieListTests */ = {
			isa = PBXGroup;
			children = (
				E0A2FF5B234C2F6100425C79 /* SampleMovieListTests.swift */,
				E0A2000A234DCC2E00425C79 /* MovieSimilarTests.swift */,
				E0A2FF5D234C2F6100425C79 /* Info.plist */,
			);
			path = SampleMovieListTests;
			sourceTree = "<group>";
		};
		E0A2FF65234C2F6100425C79 /* SampleMovieListUITests */ = {
			isa = PBXGroup;
			children = (
				E0A2FF66234C2F6100425C79 /* SampleMovieListUITests.swift */,
				E0A2FF68234C2F6100425C79 /* Info.plist */,
			);
			path = SampleMovieListUITests;
			sourceTree = "<group>";
		};
		E0A2FF99234C337900425C79 /* ViewController */ = {
			isa = PBXGroup;
			children = (
				E0A20037234ED8CE00425C79 /* MainBaseViewController.swift */,
				E0A2FFA0234C338900425C79 /* MovieListLandingViewController.swift */,
				E0A2002B234EC4AA00425C79 /* MovieDetailsScreenViewController.swift */,
			);
			path = ViewController;
			sourceTree = "<group>";
		};
		E0A2FF9A234C337A00425C79 /* Extentions */ = {
			isa = PBXGroup;
			children = (
				E0A20044234EDF7000425C79 /* UIView+Blur.swift */,
				E0A2FFED234C929700425C79 /* UIView+Extensions.swift */,
				E0A2FFCF234C733A00425C79 /* UIImageView+Extension.swift */,
			);
			path = Extentions;
			sourceTree = "<group>";
		};
		E0A2FF9B234C337A00425C79 /* UIComponents */ = {
			isa = PBXGroup;
			children = (
				E0A2003D234EDE2C00425C79 /* ParallaxHeader */,
				E0A20012234DCED200425C79 /* CDCarouselBGView.swift */,
				E0A20013234DCED200425C79 /* CDCarouselBGView.xib */,
				E0A2001A234DD34900425C79 /* CarouselContentViewCell.swift */,
				E0A2001B234DD34900425C79 /* CarouselContentViewCell.xib */,
				E0A20046234EE39500425C79 /* SimilarRelatedMovieCell.swift */,
				E0A20047234EE39500425C79 /* SimilarRelatedMovieCell.xib */,
				E0A2FFA9234C36A700425C79 /* ComponentMovieListCell.swift */,
				E0A2FFAA234C36A700425C79 /* ComponentMovieListCell.xib */,
				E0A2FFF5234D9A5800425C79 /* MovieMainBaseView.swift */,
				E0A2FFF7234D9A6300425C79 /* MovieMainBaseView.xib */,
				E0A2002F234EC88400425C79 /* MovieDetailListCell.swift */,
				E0A20030234EC88400425C79 /* MovieDetailListCell.xib */,
			);
			path = UIComponents;
			sourceTree = "<group>";
		};
		E0A2FF9C234C337A00425C79 /* ViewModel */ = {
			isa = PBXGroup;
			children = (
				E0A2FFCB234C503D00425C79 /* NowPlayingViewModel.swift */,
				E0A20002234DAFCD00425C79 /* MovieDetailViewModel.swift */,
			);
			path = ViewModel;
			sourceTree = "<group>";
		};
		E0A2FF9D234C337A00425C79 /* ConstantMethod */ = {
			isa = PBXGroup;
			children = (
				E0A2FFCD234C72A200425C79 /* BaseConstant.swift */,
			);
			path = ConstantMethod;
			sourceTree = "<group>";
		};
		E0A2FF9E234C337A00425C79 /* NetworkLayer */ = {
			isa = PBXGroup;
			children = (
				E0A2FFB0234C40A700425C79 /* Encoding */,
				E0A2FFB4234C40A800425C79 /* BaseNetworkRouter.swift */,
				E0A2FFAF234C40A700425C79 /* BaseURLWithRouterType.swift */,
				E0A2FFB9234C40A800425C79 /* HTTPMethod.swift */,
				E0A2FFB7234C40A800425C79 /* HTTPTask.swift */,
				E0A2FFB5234C40A800425C79 /* NetworkLogs.swift */,
				E0A2FFB6234C40A800425C79 /* NetworkManager.swift */,
				E0A2FFB8234C40A800425C79 /* NetworkRouterType.swift */,
				E0A2004A234F04C900425C79 /* NetworkReachability.swift */,
			);
			path = NetworkLayer;
			sourceTree = "<group>";
		};
		E0A2FF9F234C337A00425C79 /* DataModel */ = {
			isa = PBXGroup;
			children = (
				E0A2FFC6234C4E2A00425C79 /* BaseDataModel.swift */,
			);
			path = DataModel;
			sourceTree = "<group>";
		};
		E0A2FFA8234C364100425C79 /* BaseComponent */ = {
			isa = PBXGroup;
			children = (
				E0A2FFA3234C35A000425C79 /* BaseCell.swift */,
				E0A2FFA2234C35A000425C79 /* BaseReuseableView.swift */,
				E0A2FFA4234C35A000425C79 /* BaseView.swift */,
				E0A2002D234EC72C00425C79 /* BaseReusableTableView.swift */,
			);
			path = BaseComponent;
			sourceTree = "<group>";
		};
		E0A2FFB0234C40A700425C79 /* Encoding */ = {
			isa = PBXGroup;
			children = (
				E0A2FFB1234C40A700425C79 /* ParameterEncoding.swift */,
				E0A2FFB2234C40A700425C79 /* URLParameterEncoding.swift */,
				E0A2FFB3234C40A700425C79 /* JSONParameterEncoder.swift */,
			);
			path = Encoding;
			sourceTree = "<group>";
		};
		E0A2FFC8234C4F6200425C79 /* Protocols */ = {
			isa = PBXGroup;
			children = (
				E0A2FFC9234C4F7B00425C79 /* BaseProtocols.swift */,
			);
			path = Protocols;
			sourceTree = "<group>";
		};
		E0A2FFD1234C7A4900425C79 /* Skins */ = {
			isa = PBXGroup;
			children = (
				E0A2FFD2234C7A4900425C79 /* FontsUtils.swift */,
				E0A2FFD4234C7A4900425C79 /* ColorUtils.swift */,
				E0A2000C234DCD0900425C79 /* UtilsFunction.swift */,
			);
			path = Skins;
			sourceTree = "<group>";
		};
		E0A2FFD5234C7A4900425C79 /* Roboto */ = {
			isa = PBXGroup;
			children = (
				E0A2FFD6234C7A4900425C79 /* Roboto-Medium.ttf */,
				E0A2FFD7234C7A4900425C79 /* Roboto-Light.ttf */,
				E0A2FFD8234C7A4900425C79 /* Roboto-Regular.ttf */,
				E0A2FFDD234C7A4900425C79 /* Roboto-Bold.ttf */,
				E0A2FFDE234C7A4900425C79 /* Roboto-Thin.ttf */,
				E0A2FFDF234C7A4900425C79 /* Roboto-Black.ttf */,
			);
			path = Roboto;
			sourceTree = "<group>";
		};
/* End PBXGroup section */

/* Begin PBXNativeTarget section */
		E0A2FF3F234C2F6000425C79 /* SampleMovieList */ = {
			isa = PBXNativeTarget;
			buildConfigurationList = E0A2FF6B234C2F6100425C79 /* Build configuration list for PBXNativeTarget "SampleMovieList" */;
			buildPhases = (
				C293AF3A7A7158069DEDEA7C /* [CP] Check Pods Manifest.lock */,
				E0A2FF3C234C2F6000425C79 /* Sources */,
				E0A2FF3D234C2F6000425C79 /* Frameworks */,
				E0A2FF3E234C2F6000425C79 /* Resources */,
				0F8D2C8C98971B6A03FFD752 /* [CP] Embed Pods Frameworks */,
				E0A2002A234E448F00425C79 /* ShellScript */,
			);
			buildRules = (
			);
			dependencies = (
			);
			name = SampleMovieList;
			productName = SampleMovieList;
			productReference = E0A2FF40234C2F6000425C79 /* SampleMovieList.app */;
			productType = "com.apple.product-type.application";
		};
		E0A2FF56234C2F6100425C79 /* SampleMovieListTests */ = {
			isa = PBXNativeTarget;
			buildConfigurationList = E0A2FF6E234C2F6100425C79 /* Build configuration list for PBXNativeTarget "SampleMovieListTests" */;
			buildPhases = (
				C5773FD317217CF4E8E7ECB5 /* [CP] Check Pods Manifest.lock */,
				E0A2FF53234C2F6100425C79 /* Sources */,
				E0A2FF54234C2F6100425C79 /* Frameworks */,
				E0A2FF55234C2F6100425C79 /* Resources */,
			);
			buildRules = (
			);
			dependencies = (
				E0A2FF59234C2F6100425C79 /* PBXTargetDependency */,
			);
			name = SampleMovieListTests;
			productName = SampleMovieListTests;
			productReference = E0A2FF57234C2F6100425C79 /* SampleMovieListTests.xctest */;
			productType = "com.apple.product-type.bundle.unit-test";
		};
		E0A2FF61234C2F6100425C79 /* SampleMovieListUITests */ = {
			isa = PBXNativeTarget;
			buildConfigurationList = E0A2FF71234C2F6100425C79 /* Build configuration list for PBXNativeTarget "SampleMovieListUITests" */;
			buildPhases = (
				22BF2B70504649D6FF059BB8 /* [CP] Check Pods Manifest.lock */,
				E0A2FF5E234C2F6100425C79 /* Sources */,
				E0A2FF5F234C2F6100425C79 /* Frameworks */,
				E0A2FF60234C2F6100425C79 /* Resources */,
				8F8F53F351B68B06DD588FB4 /* [CP] Embed Pods Frameworks */,
			);
			buildRules = (
			);
			dependencies = (
				E0A2FF64234C2F6100425C79 /* PBXTargetDependency */,
			);
			name = SampleMovieListUITests;
			productName = SampleMovieListUITests;
			productReference = E0A2FF62234C2F6100425C79 /* SampleMovieListUITests.xctest */;
			productType = "com.apple.product-type.bundle.ui-testing";
		};
/* End PBXNativeTarget section */

/* Begin PBXProject section */
		E0A2FF38234C2F6000425C79 /* Project object */ = {
			isa = PBXProject;
			attributes = {
				LastSwiftUpdateCheck = 1030;
				LastUpgradeCheck = 1030;
				ORGANIZATIONNAME = Chandresh;
				TargetAttributes = {
					E0A2FF3F234C2F6000425C79 = {
						CreatedOnToolsVersion = 10.3;
					};
					E0A2FF56234C2F6100425C79 = {
						CreatedOnToolsVersion = 10.3;
						TestTargetID = E0A2FF3F234C2F6000425C79;
					};
					E0A2FF61234C2F6100425C79 = {
						CreatedOnToolsVersion = 10.3;
						TestTargetID = E0A2FF3F234C2F6000425C79;
					};
				};
			};
			buildConfigurationList = E0A2FF3B234C2F6000425C79 /* Build configuration list for PBXProject "SampleMovieList" */;
			compatibilityVersion = "Xcode 9.3";
			developmentRegion = en;
			hasScannedForEncodings = 0;
			knownRegions = (
				en,
				Base,
			);
			mainGroup = E0A2FF37234C2F6000425C79;
			productRefGroup = E0A2FF41234C2F6000425C79 /* Products */;
			projectDirPath = "";
			projectRoot = "";
			targets = (
				E0A2FF3F234C2F6000425C79 /* SampleMovieList */,
				E0A2FF56234C2F6100425C79 /* SampleMovieListTests */,
				E0A2FF61234C2F6100425C79 /* SampleMovieListUITests */,
			);
		};
/* End PBXProject section */

/* Begin PBXResourcesBuildPhase section */
		E0A2FF3E234C2F6000425C79 /* Resources */ = {
			isa = PBXResourcesBuildPhase;
			buildActionMask = 2147483647;
			files = (
				E0A2001D234DD34900425C79 /* CarouselContentViewCell.xib in Resources */,
				E0A2FFE3234C7A4900425C79 /* Roboto-Medium.ttf in Resources */,
				E0A2FFEA234C7A4A00425C79 /* Roboto-Bold.ttf in Resources */,
				E0A20049234EE39500425C79 /* SimilarRelatedMovieCell.xib in Resources */,
				E0A2FFE5234C7A4900425C79 /* Roboto-Regular.ttf in Resources */,
				E0A20032234EC88400425C79 /* MovieDetailListCell.xib in Resources */,
				E0A2FF51234C2F6100425C79 /* LaunchScreen.storyboard in Resources */,
				E0A2FFE4234C7A4900425C79 /* Roboto-Light.ttf in Resources */,
				E0A2FF4E234C2F6100425C79 /* Assets.xcassets in Resources */,
				E0A2FFAC234C36A700425C79 /* ComponentMovieListCell.xib in Resources */,
				E0A2FFEC234C7A4A00425C79 /* Roboto-Black.ttf in Resources */,
				E0A2FFF8234D9A6300425C79 /* MovieMainBaseView.xib in Resources */,
				E0A2FFEB234C7A4A00425C79 /* Roboto-Thin.ttf in Resources */,
				E0A2FF49234C2F6000425C79 /* Main.storyboard in Resources */,
				E0A20015234DCED200425C79 /* CDCarouselBGView.xib in Resources */,
			);
			runOnlyForDeploymentPostprocessing = 0;
		};
		E0A2FF55234C2F6100425C79 /* Resources */ = {
			isa = PBXResourcesBuildPhase;
			buildActionMask = 2147483647;
			files = (
			);
			runOnlyForDeploymentPostprocessing = 0;
		};
		E0A2FF60234C2F6100425C79 /* Resources */ = {
			isa = PBXResourcesBuildPhase;
			buildActionMask = 2147483647;
			files = (
			);
			runOnlyForDeploymentPostprocessing = 0;
		};
/* End PBXResourcesBuildPhase section */

/* Begin PBXShellScriptBuildPhase section */
		0F8D2C8C98971B6A03FFD752 /* [CP] Embed Pods Frameworks */ = {
			isa = PBXShellScriptBuildPhase;
			buildActionMask = 2147483647;
			files = (
			);
			inputFileListPaths = (
				"${PODS_ROOT}/Target Support Files/Pods-SampleMovieList/Pods-SampleMovieList-frameworks-${CONFIGURATION}-input-files.xcfilelist",
			);
			name = "[CP] Embed Pods Frameworks";
			outputFileListPaths = (
				"${PODS_ROOT}/Target Support Files/Pods-SampleMovieList/Pods-SampleMovieList-frameworks-${CONFIGURATION}-output-files.xcfilelist",
			);
			runOnlyForDeploymentPostprocessing = 0;
			shellPath = /bin/sh;
			shellScript = "\"${PODS_ROOT}/Target Support Files/Pods-SampleMovieList/Pods-SampleMovieList-frameworks.sh\"\n";
			showEnvVarsInLog = 0;
		};
		22BF2B70504649D6FF059BB8 /* [CP] Check Pods Manifest.lock */ = {
			isa = PBXShellScriptBuildPhase;
			buildActionMask = 2147483647;
			files = (
			);
			inputFileListPaths = (
			);
			inputPaths = (
				"${PODS_PODFILE_DIR_PATH}/Podfile.lock",
				"${PODS_ROOT}/Manifest.lock",
			);
			name = "[CP] Check Pods Manifest.lock";
			outputFileListPaths = (
			);
			outputPaths = (
				"$(DERIVED_FILE_DIR)/Pods-SampleMovieList-SampleMovieListUITests-checkManifestLockResult.txt",
			);
			runOnlyForDeploymentPostprocessing = 0;
			shellPath = /bin/sh;
			shellScript = "diff \"${PODS_PODFILE_DIR_PATH}/Podfile.lock\" \"${PODS_ROOT}/Manifest.lock\" > /dev/null\nif [ $? != 0 ] ; then\n    # print error to STDERR\n    echo \"error: The sandbox is not in sync with the Podfile.lock. Run 'pod install' or update your CocoaPods installation.\" >&2\n    exit 1\nfi\n# This output is used by Xcode 'outputs' to avoid re-running this script phase.\necho \"SUCCESS\" > \"${SCRIPT_OUTPUT_FILE_0}\"\n";
			showEnvVarsInLog = 0;
		};
		8F8F53F351B68B06DD588FB4 /* [CP] Embed Pods Frameworks */ = {
			isa = PBXShellScriptBuildPhase;
			buildActionMask = 2147483647;
			files = (
			);
			inputFileListPaths = (
				"${PODS_ROOT}/Target Support Files/Pods-SampleMovieList-SampleMovieListUITests/Pods-SampleMovieList-SampleMovieListUITests-frameworks-${CONFIGURATION}-input-files.xcfilelist",
			);
			name = "[CP] Embed Pods Frameworks";
			outputFileListPaths = (
				"${PODS_ROOT}/Target Support Files/Pods-SampleMovieList-SampleMovieListUITests/Pods-SampleMovieList-SampleMovieListUITests-frameworks-${CONFIGURATION}-output-files.xcfilelist",
			);
			runOnlyForDeploymentPostprocessing = 0;
			shellPath = /bin/sh;
			shellScript = "\"${PODS_ROOT}/Target Support Files/Pods-SampleMovieList-SampleMovieListUITests/Pods-SampleMovieList-SampleMovieListUITests-frameworks.sh\"\n";
			showEnvVarsInLog = 0;
		};
		C293AF3A7A7158069DEDEA7C /* [CP] Check Pods Manifest.lock */ = {
			isa = PBXShellScriptBuildPhase;
			buildActionMask = 2147483647;
			files = (
			);
			inputFileListPaths = (
			);
			inputPaths = (
				"${PODS_PODFILE_DIR_PATH}/Podfile.lock",
				"${PODS_ROOT}/Manifest.lock",
			);
			name = "[CP] Check Pods Manifest.lock";
			outputFileListPaths = (
			);
			outputPaths = (
				"$(DERIVED_FILE_DIR)/Pods-SampleMovieList-checkManifestLockResult.txt",
			);
			runOnlyForDeploymentPostprocessing = 0;
			shellPath = /bin/sh;
			shellScript = "diff \"${PODS_PODFILE_DIR_PATH}/Podfile.lock\" \"${PODS_ROOT}/Manifest.lock\" > /dev/null\nif [ $? != 0 ] ; then\n    # print error to STDERR\n    echo \"error: The sandbox is not in sync with the Podfile.lock. Run 'pod install' or update your CocoaPods installation.\" >&2\n    exit 1\nfi\n# This output is used by Xcode 'outputs' to avoid re-running this script phase.\necho \"SUCCESS\" > \"${SCRIPT_OUTPUT_FILE_0}\"\n";
			showEnvVarsInLog = 0;
		};
		C5773FD317217CF4E8E7ECB5 /* [CP] Check Pods Manifest.lock */ = {
			isa = PBXShellScriptBuildPhase;
			buildActionMask = 2147483647;
			files = (
			);
			inputFileListPaths = (
			);
			inputPaths = (
				"${PODS_PODFILE_DIR_PATH}/Podfile.lock",
				"${PODS_ROOT}/Manifest.lock",
			);
			name = "[CP] Check Pods Manifest.lock";
			outputFileListPaths = (
			);
			outputPaths = (
				"$(DERIVED_FILE_DIR)/Pods-SampleMovieListTests-checkManifestLockResult.txt",
			);
			runOnlyForDeploymentPostprocessing = 0;
			shellPath = /bin/sh;
			shellScript = "diff \"${PODS_PODFILE_DIR_PATH}/Podfile.lock\" \"${PODS_ROOT}/Manifest.lock\" > /dev/null\nif [ $? != 0 ] ; then\n    # print error to STDERR\n    echo \"error: The sandbox is not in sync with the Podfile.lock. Run 'pod install' or update your CocoaPods installation.\" >&2\n    exit 1\nfi\n# This output is used by Xcode 'outputs' to avoid re-running this script phase.\necho \"SUCCESS\" > \"${SCRIPT_OUTPUT_FILE_0}\"\n";
			showEnvVarsInLog = 0;
		};
		E0A2002A234E448F00425C79 /* ShellScript */ = {
			isa = PBXShellScriptBuildPhase;
			buildActionMask = 2147483647;
			files = (
			);
			inputFileListPaths = (
			);
			inputPaths = (
			);
			outputFileListPaths = (
			);
			outputPaths = (
			);
			runOnlyForDeploymentPostprocessing = 0;
			shellPath = /bin/sh;
			shellScript = "if which swiftlint >/dev/null; then\nswiftlint\nelse\necho \"Error: SwiftLint not installed, download from https://github.com/realm/SwiftLint\"\nexit 1\nfi\n";
		};
/* End PBXShellScriptBuildPhase section */

/* Begin PBXSourcesBuildPhase section */
		E0A2FF3C234C2F6000425C79 /* Sources */ = {
			isa = PBXSourcesBuildPhase;
			buildActionMask = 2147483647;
			files = (
				E0A2FFBB234C40A800425C79 /* ParameterEncoding.swift in Sources */,
				E0A2FFA5234C35A000425C79 /* BaseReuseableView.swift in Sources */,
				E0A2FFEE234C929700425C79 /* UIView+Extensions.swift in Sources */,
				E0A20042234EDE2C00425C79 /* UIScrollView+ParallaxHeader.swift in Sources */,
				E0A2FF4C234C2F6000425C79 /* SampleMovieList.xcdatamodeld in Sources */,
				E0A20043234EDE2C00425C79 /* ParallaxHeader.swift in Sources */,
				E0A2FF44234C2F6000425C79 /* AppDelegate.swift in Sources */,
				E0A20031234EC88400425C79 /* MovieDetailListCell.swift in Sources */,
				E0A2FFCE234C72A200425C79 /* BaseConstant.swift in Sources */,
				E0A2FFCC234C503D00425C79 /* NowPlayingViewModel.swift in Sources */,
				E0A2FFC7234C4E2A00425C79 /* BaseDataModel.swift in Sources */,
				E0A2FFBE234C40A800425C79 /* BaseNetworkRouter.swift in Sources */,
				E0A2FFE0234C7A4900425C79 /* FontsUtils.swift in Sources */,
				E0A2FFBD234C40A800425C79 /* JSONParameterEncoder.swift in Sources */,
				E0A2FFC1234C40A800425C79 /* HTTPTask.swift in Sources */,
				E0A2FFE2234C7A4900425C79 /* ColorUtils.swift in Sources */,
				E0A20041234EDE2C00425C79 /* ParallaxHeaderMode.swift in Sources */,
				E0A2FFBC234C40A800425C79 /* URLParameterEncoding.swift in Sources */,
				E0A2FFBA234C40A800425C79 /* BaseURLWithRouterType.swift in Sources */,
				E0A2FFA7234C35A000425C79 /* BaseView.swift in Sources */,
				E0A20038234ED8CE00425C79 /* MainBaseViewController.swift in Sources */,
				E0A2FFA6234C35A000425C79 /* BaseCell.swift in Sources */,
				E0A20003234DAFCD00425C79 /* MovieDetailViewModel.swift in Sources */,
				E0A20014234DCED200425C79 /* CDCarouselBGView.swift in Sources */,
				E0A2FFC0234C40A800425C79 /* NetworkManager.swift in Sources */,
				E0A2002E234EC72C00425C79 /* BaseReusableTableView.swift in Sources */,
				E0A20045234EDF7000425C79 /* UIView+Blur.swift in Sources */,
				E0A2FFC3234C40A800425C79 /* HTTPMethod.swift in Sources */,
				E0A2FFAB234C36A700425C79 /* ComponentMovieListCell.swift in Sources */,
				E0A2FFA1234C338900425C79 /* MovieListLandingViewController.swift in Sources */,
				E0A2002C234EC4AA00425C79 /* MovieDetailsScreenViewController.swift in Sources */,
				E0A2FFD0234C733A00425C79 /* UIImageView+Extension.swift in Sources */,
				E0A2FFBF234C40A800425C79 /* NetworkLogs.swift in Sources */,
				E0A2FFF6234D9A5800425C79 /* MovieMainBaseView.swift in Sources */,
				E0A20048234EE39500425C79 /* SimilarRelatedMovieCell.swift in Sources */,
				E0A2000D234DCD0900425C79 /* UtilsFunction.swift in Sources */,
				E0A2001C234DD34900425C79 /* CarouselContentViewCell.swift in Sources */,
				E0A2FFC2234C40A800425C79 /* NetworkRouterType.swift in Sources */,
				E0A2FFCA234C4F7B00425C79 /* BaseProtocols.swift in Sources */,
				E0A2004B234F04C900425C79 /* NetworkReachability.swift in Sources */,
			);
			runOnlyForDeploymentPostprocessing = 0;
		};
		E0A2FF53234C2F6100425C79 /* Sources */ = {
			isa = PBXSourcesBuildPhase;
			buildActionMask = 2147483647;
			files = (
				E0A2000B234DCC2E00425C79 /* MovieSimilarTests.swift in Sources */,
				E0A2FF5C234C2F6100425C79 /* SampleMovieListTests.swift in Sources */,
			);
			runOnlyForDeploymentPostprocessing = 0;
		};
		E0A2FF5E234C2F6100425C79 /* Sources */ = {
			isa = PBXSourcesBuildPhase;
			buildActionMask = 2147483647;
			files = (
				E0A2FF67234C2F6100425C79 /* SampleMovieListUITests.swift in Sources */,
			);
			runOnlyForDeploymentPostprocessing = 0;
		};
/* End PBXSourcesBuildPhase section */

/* Begin PBXTargetDependency section */
		E0A2FF59234C2F6100425C79 /* PBXTargetDependency */ = {
			isa = PBXTargetDependency;
			target = E0A2FF3F234C2F6000425C79 /* SampleMovieList */;
			targetProxy = E0A2FF58234C2F6100425C79 /* PBXContainerItemProxy */;
		};
		E0A2FF64234C2F6100425C79 /* PBXTargetDependency */ = {
			isa = PBXTargetDependency;
			target = E0A2FF3F234C2F6000425C79 /* SampleMovieList */;
			targetProxy = E0A2FF63234C2F6100425C79 /* PBXContainerItemProxy */;
		};
/* End PBXTargetDependency section */

/* Begin PBXVariantGroup section */
		E0A2FF47234C2F6000425C79 /* Main.storyboard */ = {
			isa = PBXVariantGroup;
			children = (
				E0A2FF48234C2F6000425C79 /* Base */,
			);
			name = Main.storyboard;
			sourceTree = "<group>";
		};
		E0A2FF4F234C2F6100425C79 /* LaunchScreen.storyboard */ = {
			isa = PBXVariantGroup;
			children = (
				E0A2FF50234C2F6100425C79 /* Base */,
			);
			name = LaunchScreen.storyboard;
			sourceTree = "<group>";
		};
/* End PBXVariantGroup section */

/* Begin XCBuildConfiguration section */
		E0A2FF69234C2F6100425C79 /* Debug */ = {
			isa = XCBuildConfiguration;
			buildSettings = {
				ALWAYS_SEARCH_USER_PATHS = NO;
				CLANG_ANALYZER_NONNULL = YES;
				CLANG_ANALYZER_NUMBER_OBJECT_CONVERSION = YES_AGGRESSIVE;
				CLANG_CXX_LANGUAGE_STANDARD = "gnu++14";
				CLANG_CXX_LIBRARY = "libc++";
				CLANG_ENABLE_MODULES = YES;
				CLANG_ENABLE_OBJC_ARC = YES;
				CLANG_ENABLE_OBJC_WEAK = YES;
				CLANG_WARN_BLOCK_CAPTURE_AUTORELEASING = YES;
				CLANG_WARN_BOOL_CONVERSION = YES;
				CLANG_WARN_COMMA = YES;
				CLANG_WARN_CONSTANT_CONVERSION = YES;
				CLANG_WARN_DEPRECATED_OBJC_IMPLEMENTATIONS = YES;
				CLANG_WARN_DIRECT_OBJC_ISA_USAGE = YES_ERROR;
				CLANG_WARN_DOCUMENTATION_COMMENTS = YES;
				CLANG_WARN_EMPTY_BODY = YES;
				CLANG_WARN_ENUM_CONVERSION = YES;
				CLANG_WARN_INFINITE_RECURSION = YES;
				CLANG_WARN_INT_CONVERSION = YES;
				CLANG_WARN_NON_LITERAL_NULL_CONVERSION = YES;
				CLANG_WARN_OBJC_IMPLICIT_RETAIN_SELF = YES;
				CLANG_WARN_OBJC_LITERAL_CONVERSION = YES;
				CLANG_WARN_OBJC_ROOT_CLASS = YES_ERROR;
				CLANG_WARN_RANGE_LOOP_ANALYSIS = YES;
				CLANG_WARN_STRICT_PROTOTYPES = YES;
				CLANG_WARN_SUSPICIOUS_MOVE = YES;
				CLANG_WARN_UNGUARDED_AVAILABILITY = YES_AGGRESSIVE;
				CLANG_WARN_UNREACHABLE_CODE = YES;
				CLANG_WARN__DUPLICATE_METHOD_MATCH = YES;
				CODE_SIGN_IDENTITY = "iPhone Developer";
				COPY_PHASE_STRIP = NO;
				DEBUG_INFORMATION_FORMAT = dwarf;
				ENABLE_STRICT_OBJC_MSGSEND = YES;
				ENABLE_TESTABILITY = YES;
				GCC_C_LANGUAGE_STANDARD = gnu11;
				GCC_DYNAMIC_NO_PIC = NO;
				GCC_NO_COMMON_BLOCKS = YES;
				GCC_OPTIMIZATION_LEVEL = 0;
				GCC_PREPROCESSOR_DEFINITIONS = (
					"DEBUG=1",
					"$(inherited)",
				);
				GCC_WARN_64_TO_32_BIT_CONVERSION = YES;
				GCC_WARN_ABOUT_RETURN_TYPE = YES_ERROR;
				GCC_WARN_UNDECLARED_SELECTOR = YES;
				GCC_WARN_UNINITIALIZED_AUTOS = YES_AGGRESSIVE;
				GCC_WARN_UNUSED_FUNCTION = YES;
				GCC_WARN_UNUSED_VARIABLE = YES;
				IPHONEOS_DEPLOYMENT_TARGET = 12.4;
				MTL_ENABLE_DEBUG_INFO = INCLUDE_SOURCE;
				MTL_FAST_MATH = YES;
				ONLY_ACTIVE_ARCH = YES;
				SDKROOT = iphoneos;
				SWIFT_ACTIVE_COMPILATION_CONDITIONS = DEBUG;
				SWIFT_OPTIMIZATION_LEVEL = "-Onone";
			};
			name = Debug;
		};
		E0A2FF6A234C2F6100425C79 /* Release */ = {
			isa = XCBuildConfiguration;
			buildSettings = {
				ALWAYS_SEARCH_USER_PATHS = NO;
				CLANG_ANALYZER_NONNULL = YES;
				CLANG_ANALYZER_NUMBER_OBJECT_CONVERSION = YES_AGGRESSIVE;
				CLANG_CXX_LANGUAGE_STANDARD = "gnu++14";
				CLANG_CXX_LIBRARY = "libc++";
				CLANG_ENABLE_MODULES = YES;
				CLANG_ENABLE_OBJC_ARC = YES;
				CLANG_ENABLE_OBJC_WEAK = YES;
				CLANG_WARN_BLOCK_CAPTURE_AUTORELEASING = YES;
				CLANG_WARN_BOOL_CONVERSION = YES;
				CLANG_WARN_COMMA = YES;
				CLANG_WARN_CONSTANT_CONVERSION = YES;
				CLANG_WARN_DEPRECATED_OBJC_IMPLEMENTATIONS = YES;
				CLANG_WARN_DIRECT_OBJC_ISA_USAGE = YES_ERROR;
				CLANG_WARN_DOCUMENTATION_COMMENTS = YES;
				CLANG_WARN_EMPTY_BODY = YES;
				CLANG_WARN_ENUM_CONVERSION = YES;
				CLANG_WARN_INFINITE_RECURSION = YES;
				CLANG_WARN_INT_CONVERSION = YES;
				CLANG_WARN_NON_LITERAL_NULL_CONVERSION = YES;
				CLANG_WARN_OBJC_IMPLICIT_RETAIN_SELF = YES;
				CLANG_WARN_OBJC_LITERAL_CONVERSION = YES;
				CLANG_WARN_OBJC_ROOT_CLASS = YES_ERROR;
				CLANG_WARN_RANGE_LOOP_ANALYSIS = YES;
				CLANG_WARN_STRICT_PROTOTYPES = YES;
				CLANG_WARN_SUSPICIOUS_MOVE = YES;
				CLANG_WARN_UNGUARDED_AVAILABILITY = YES_AGGRESSIVE;
				CLANG_WARN_UNREACHABLE_CODE = YES;
				CLANG_WARN__DUPLICATE_METHOD_MATCH = YES;
				CODE_SIGN_IDENTITY = "iPhone Developer";
				COPY_PHASE_STRIP = NO;
				DEBUG_INFORMATION_FORMAT = "dwarf-with-dsym";
				ENABLE_NS_ASSERTIONS = NO;
				ENABLE_STRICT_OBJC_MSGSEND = YES;
				GCC_C_LANGUAGE_STANDARD = gnu11;
				GCC_NO_COMMON_BLOCKS = YES;
				GCC_WARN_64_TO_32_BIT_CONVERSION = YES;
				GCC_WARN_ABOUT_RETURN_TYPE = YES_ERROR;
				GCC_WARN_UNDECLARED_SELECTOR = YES;
				GCC_WARN_UNINITIALIZED_AUTOS = YES_AGGRESSIVE;
				GCC_WARN_UNUSED_FUNCTION = YES;
				GCC_WARN_UNUSED_VARIABLE = YES;
				IPHONEOS_DEPLOYMENT_TARGET = 12.4;
				MTL_ENABLE_DEBUG_INFO = NO;
				MTL_FAST_MATH = YES;
				SDKROOT = iphoneos;
				SWIFT_COMPILATION_MODE = wholemodule;
				SWIFT_OPTIMIZATION_LEVEL = "-O";
				VALIDATE_PRODUCT = YES;
			};
			name = Release;
		};
		E0A2FF6C234C2F6100425C79 /* Debug */ = {
			isa = XCBuildConfiguration;
			baseConfigurationReference = F3DBC2ADE29472BDED8FA776 /* Pods-SampleMovieList.debug.xcconfig */;
			buildSettings = {
				ASSETCATALOG_COMPILER_APPICON_NAME = AppIcon;
				CODE_SIGN_STYLE = Manual;
				DEVELOPMENT_TEAM = "";
				INFOPLIST_FILE = SampleMovieList/Info.plist;
				IPHONEOS_DEPLOYMENT_TARGET = 10.0;
				LD_RUNPATH_SEARCH_PATHS = (
					"$(inherited)",
					"@executable_path/Frameworks",
				);
				PRODUCT_BUNDLE_IDENTIFIER = Chandresh.SampleMovieList;
				PRODUCT_NAME = "$(TARGET_NAME)";
				PROVISIONING_PROFILE_SPECIFIER = "";
				SWIFT_VERSION = 5.0;
				TARGETED_DEVICE_FAMILY = "1,2";
			};
			name = Debug;
		};
		E0A2FF6D234C2F6100425C79 /* Release */ = {
			isa = XCBuildConfiguration;
			baseConfigurationReference = 0BFEDC69DE7802118BA7A61F /* Pods-SampleMovieList.release.xcconfig */;
			buildSettings = {
				ASSETCATALOG_COMPILER_APPICON_NAME = AppIcon;
				CODE_SIGN_STYLE = Manual;
				DEVELOPMENT_TEAM = "";
				INFOPLIST_FILE = SampleMovieList/Info.plist;
				IPHONEOS_DEPLOYMENT_TARGET = 10.0;
				LD_RUNPATH_SEARCH_PATHS = (
					"$(inherited)",
					"@executable_path/Frameworks",
				);
				PRODUCT_BUNDLE_IDENTIFIER = Chandresh.SampleMovieList;
				PRODUCT_NAME = "$(TARGET_NAME)";
				PROVISIONING_PROFILE_SPECIFIER = "";
				SWIFT_VERSION = 5.0;
				TARGETED_DEVICE_FAMILY = "1,2";
			};
			name = Release;
		};
		E0A2FF6F234C2F6100425C79 /* Debug */ = {
			isa = XCBuildConfiguration;
			baseConfigurationReference = A6F4686F6820A4B828363BE3 /* Pods-SampleMovieListTests.debug.xcconfig */;
			buildSettings = {
				ALWAYS_EMBED_SWIFT_STANDARD_LIBRARIES = YES;
				BUNDLE_LOADER = "$(TEST_HOST)";
				CODE_SIGN_STYLE = Automatic;
				DEVELOPMENT_TEAM = 2Y9YZP6749;
				INFOPLIST_FILE = SampleMovieListTests/Info.plist;
				LD_RUNPATH_SEARCH_PATHS = (
					"$(inherited)",
					"@executable_path/Frameworks",
					"@loader_path/Frameworks",
				);
				PRODUCT_BUNDLE_IDENTIFIER = Chandresh.SampleMovieListTests;
				PRODUCT_NAME = "$(TARGET_NAME)";
				SWIFT_VERSION = 5.0;
				TARGETED_DEVICE_FAMILY = "1,2";
				TEST_HOST = "$(BUILT_PRODUCTS_DIR)/SampleMovieList.app/SampleMovieList";
			};
			name = Debug;
		};
		E0A2FF70234C2F6100425C79 /* Release */ = {
			isa = XCBuildConfiguration;
			baseConfigurationReference = 001B24700436AF106A64029F /* Pods-SampleMovieListTests.release.xcconfig */;
			buildSettings = {
				ALWAYS_EMBED_SWIFT_STANDARD_LIBRARIES = YES;
				BUNDLE_LOADER = "$(TEST_HOST)";
				CODE_SIGN_STYLE = Automatic;
				DEVELOPMENT_TEAM = 2Y9YZP6749;
				INFOPLIST_FILE = SampleMovieListTests/Info.plist;
				LD_RUNPATH_SEARCH_PATHS = (
					"$(inherited)",
					"@executable_path/Frameworks",
					"@loader_path/Frameworks",
				);
				PRODUCT_BUNDLE_IDENTIFIER = Chandresh.SampleMovieListTests;
				PRODUCT_NAME = "$(TARGET_NAME)";
				SWIFT_VERSION = 5.0;
				TARGETED_DEVICE_FAMILY = "1,2";
				TEST_HOST = "$(BUILT_PRODUCTS_DIR)/SampleMovieList.app/SampleMovieList";
			};
			name = Release;
		};
		E0A2FF72234C2F6100425C79 /* Debug */ = {
			isa = XCBuildConfiguration;
			baseConfigurationReference = 8A10396D6A90A0386DC7CDF5 /* Pods-SampleMovieList-SampleMovieListUITests.debug.xcconfig */;
			buildSettings = {
				ALWAYS_EMBED_SWIFT_STANDARD_LIBRARIES = YES;
				CODE_SIGN_STYLE = Automatic;
				DEVELOPMENT_TEAM = 2Y9YZP6749;
				INFOPLIST_FILE = SampleMovieListUITests/Info.plist;
				LD_RUNPATH_SEARCH_PATHS = (
					"$(inherited)",
					"@executable_path/Frameworks",
					"@loader_path/Frameworks",
				);
				PRODUCT_BUNDLE_IDENTIFIER = Chandresh.SampleMovieListUITests;
				PRODUCT_NAME = "$(TARGET_NAME)";
				SWIFT_VERSION = 5.0;
				TARGETED_DEVICE_FAMILY = "1,2";
				TEST_TARGET_NAME = SampleMovieList;
			};
			name = Debug;
		};
		E0A2FF73234C2F6100425C79 /* Release */ = {
			isa = XCBuildConfiguration;
			baseConfigurationReference = 2075BDA75FA7C7F8674597EA /* Pods-SampleMovieList-SampleMovieListUITests.release.xcconfig */;
			buildSettings = {
				ALWAYS_EMBED_SWIFT_STANDARD_LIBRARIES = YES;
				CODE_SIGN_STYLE = Automatic;
				DEVELOPMENT_TEAM = 2Y9YZP6749;
				INFOPLIST_FILE = SampleMovieListUITests/Info.plist;
				LD_RUNPATH_SEARCH_PATHS = (
					"$(inherited)",
					"@executable_path/Frameworks",
					"@loader_path/Frameworks",
				);
				PRODUCT_BUNDLE_IDENTIFIER = Chandresh.SampleMovieListUITests;
				PRODUCT_NAME = "$(TARGET_NAME)";
				SWIFT_VERSION = 5.0;
				TARGETED_DEVICE_FAMILY = "1,2";
				TEST_TARGET_NAME = SampleMovieList;
			};
			name = Release;
		};
/* End XCBuildConfiguration section */

/* Begin XCConfigurationList section */
		E0A2FF3B234C2F6000425C79 /* Build configuration list for PBXProject "SampleMovieList" */ = {
			isa = XCConfigurationList;
			buildConfigurations = (
				E0A2FF69234C2F6100425C79 /* Debug */,
				E0A2FF6A234C2F6100425C79 /* Release */,
			);
			defaultConfigurationIsVisible = 0;
			defaultConfigurationName = Release;
		};
		E0A2FF6B234C2F6100425C79 /* Build configuration list for PBXNativeTarget "SampleMovieList" */ = {
			isa = XCConfigurationList;
			buildConfigurations = (
				E0A2FF6C234C2F6100425C79 /* Debug */,
				E0A2FF6D234C2F6100425C79 /* Release */,
			);
			defaultConfigurationIsVisible = 0;
			defaultConfigurationName = Release;
		};
		E0A2FF6E234C2F6100425C79 /* Build configuration list for PBXNativeTarget "SampleMovieListTests" */ = {
			isa = XCConfigurationList;
			buildConfigurations = (
				E0A2FF6F234C2F6100425C79 /* Debug */,
				E0A2FF70234C2F6100425C79 /* Release */,
			);
			defaultConfigurationIsVisible = 0;
			defaultConfigurationName = Release;
		};
		E0A2FF71234C2F6100425C79 /* Build configuration list for PBXNativeTarget "SampleMovieListUITests" */ = {
			isa = XCConfigurationList;
			buildConfigurations = (
				E0A2FF72234C2F6100425C79 /* Debug */,
				E0A2FF73234C2F6100425C79 /* Release */,
			);
			defaultConfigurationIsVisible = 0;
			defaultConfigurationName = Release;
		};
/* End XCConfigurationList section */

/* Begin XCVersionGroup section */
		E0A2FF4A234C2F6000425C79 /* SampleMovieList.xcdatamodeld */ = {
			isa = XCVersionGroup;
			children = (
				E0A2FF4B234C2F6000425C79 /* SampleMovieList.xcdatamodel */,
			);
			currentVersion = E0A2FF4B234C2F6000425C79 /* SampleMovieList.xcdatamodel */;
			path = SampleMovieList.xcdatamodeld;
			sourceTree = "<group>";
			versionGroupType = wrapper.xcdatamodel;
		};
/* End XCVersionGroup section */
	};
	rootObject = E0A2FF38234C2F6000425C79 /* Project object */;
}
